// !$*UTF8*$!
{
	archiveVersion = 1;
	classes = {
	};
	objectVersion = 46;
	objects = {

/* Begin PBXBuildFile section */
		6603B5C41B277E0D0014489A /* AppDelegate.swift in Sources */ = {isa = PBXBuildFile; fileRef = 6603B5C31B277E0D0014489A /* AppDelegate.swift */; };
		6603B5C91B277E0D0014489A /* Main.storyboard in Resources */ = {isa = PBXBuildFile; fileRef = 6603B5C71B277E0D0014489A /* Main.storyboard */; };
		6603B5CB1B277E0D0014489A /* Images.xcassets in Resources */ = {isa = PBXBuildFile; fileRef = 6603B5CA1B277E0D0014489A /* Images.xcassets */; };
		6603B5CE1B277E0D0014489A /* LaunchScreen.xib in Resources */ = {isa = PBXBuildFile; fileRef = 6603B5CC1B277E0D0014489A /* LaunchScreen.xib */; };
		6603B5DA1B277E0D0014489A /* wagerocityTests.swift in Sources */ = {isa = PBXBuildFile; fileRef = 6603B5D91B277E0D0014489A /* wagerocityTests.swift */; };
		664373411B3C8B5A00953458 /* Constants.swift in Sources */ = {isa = PBXBuildFile; fileRef = 664373401B3C8B5A00953458 /* Constants.swift */; };
		66452B8D1B50354B0087C9E9 /* SettingViewController.swift in Sources */ = {isa = PBXBuildFile; fileRef = 66452B8C1B50354B0087C9E9 /* SettingViewController.swift */; };
		666CF6971B2788B600AD4DF5 /* Alamofire.framework in Frameworks */ = {isa = PBXBuildFile; fileRef = 666CF6901B27884E00AD4DF5 /* Alamofire.framework */; };
		666CF6981B2788B600AD4DF5 /* Alamofire.framework in Embed Frameworks */ = {isa = PBXBuildFile; fileRef = 666CF6901B27884E00AD4DF5 /* Alamofire.framework */; settings = {ATTRIBUTES = (CodeSignOnCopy, RemoveHeadersOnCopy, ); }; };
		666CF7121B28C4A600AD4DF5 /* User.m in Sources */ = {isa = PBXBuildFile; fileRef = 666CF7111B28C4A600AD4DF5 /* User.m */; };
		666CF7161B28CCDD00AD4DF5 /* DashboardViewController.swift in Sources */ = {isa = PBXBuildFile; fileRef = 666CF7151B28CCDD00AD4DF5 /* DashboardViewController.swift */; };
		666CF71E1B28DCB100AD4DF5 /* NavigationBar.swift in Sources */ = {isa = PBXBuildFile; fileRef = 666CF71D1B28DCB100AD4DF5 /* NavigationBar.swift */; };
		6674ED1B1B3DE7F800206FC5 /* Fabric.framework in Frameworks */ = {isa = PBXBuildFile; fileRef = 6674ED191B3DE7F800206FC5 /* Fabric.framework */; };
		6674ED1C1B3DE7F800206FC5 /* Crashlytics.framework in Frameworks */ = {isa = PBXBuildFile; fileRef = 6674ED1A1B3DE7F800206FC5 /* Crashlytics.framework */; };
		6674ED1E1B3DF3DC00206FC5 /* StoreKit.framework in Frameworks */ = {isa = PBXBuildFile; fileRef = 6674ED1D1B3DF3DC00206FC5 /* StoreKit.framework */; };
		6674ED251B431FE300206FC5 /* PickOfPlayerTableViewCell.swift in Sources */ = {isa = PBXBuildFile; fileRef = 6674ED241B431FE300206FC5 /* PickOfPlayerTableViewCell.swift */; };
		6674ED271B4325FE00206FC5 /* ServiceModel.swift in Sources */ = {isa = PBXBuildFile; fileRef = 6674ED261B4325FE00206FC5 /* ServiceModel.swift */; };
		6674ED291B44768100206FC5 /* ExpertTableViewCell.swift in Sources */ = {isa = PBXBuildFile; fileRef = 6674ED281B44768100206FC5 /* ExpertTableViewCell.swift */; };
		6674ED2C1B44A02100206FC5 /* Pick.m in Sources */ = {isa = PBXBuildFile; fileRef = 6674ED2B1B44A02100206FC5 /* Pick.m */; };
		6674ED321B44A0BE00206FC5 /* OddInfo.m in Sources */ = {isa = PBXBuildFile; fileRef = 6674ED311B44A0BE00206FC5 /* OddInfo.m */; };
		6674ED351B44A30E00206FC5 /* MyPickTableViewCell.swift in Sources */ = {isa = PBXBuildFile; fileRef = 6674ED341B44A30E00206FC5 /* MyPickTableViewCell.swift */; };
		6674ED481B45C75E00206FC5 /* DateTools.bundle in Resources */ = {isa = PBXBuildFile; fileRef = 6674ED391B45C75E00206FC5 /* DateTools.bundle */; };
		6674ED491B45C75E00206FC5 /* DTError.m in Sources */ = {isa = PBXBuildFile; fileRef = 6674ED3D1B45C75E00206FC5 /* DTError.m */; };
		6674ED4A1B45C75E00206FC5 /* DTTimePeriod.m in Sources */ = {isa = PBXBuildFile; fileRef = 6674ED3F1B45C75E00206FC5 /* DTTimePeriod.m */; };
		6674ED4B1B45C75E00206FC5 /* DTTimePeriodChain.m in Sources */ = {isa = PBXBuildFile; fileRef = 6674ED411B45C75E00206FC5 /* DTTimePeriodChain.m */; };
		6674ED4C1B45C75E00206FC5 /* DTTimePeriodCollection.m in Sources */ = {isa = PBXBuildFile; fileRef = 6674ED431B45C75E00206FC5 /* DTTimePeriodCollection.m */; };
		6674ED4D1B45C75E00206FC5 /* DTTimePeriodGroup.m in Sources */ = {isa = PBXBuildFile; fileRef = 6674ED451B45C75E00206FC5 /* DTTimePeriodGroup.m */; };
		6674ED4E1B45C75E00206FC5 /* NSDate+DateTools.m in Sources */ = {isa = PBXBuildFile; fileRef = 6674ED471B45C75E00206FC5 /* NSDate+DateTools.m */; };
		6674ED501B4707DE00206FC5 /* GameTableViewCell.swift in Sources */ = {isa = PBXBuildFile; fileRef = 6674ED4F1B4707DE00206FC5 /* GameTableViewCell.swift */; };
		6674ED561B47103100206FC5 /* Game.m in Sources */ = {isa = PBXBuildFile; fileRef = 6674ED551B47103100206FC5 /* Game.m */; };
		6674ED5A1B47225100206FC5 /* Odd.m in Sources */ = {isa = PBXBuildFile; fileRef = 6674ED591B47225100206FC5 /* Odd.m */; };
		6674ED5C1B472FE900206FC5 /* OddHolder.swift in Sources */ = {isa = PBXBuildFile; fileRef = 6674ED5B1B472FE900206FC5 /* OddHolder.swift */; };
		6674ED5E1B474F0600206FC5 /* BetSlipTableViewCell.swift in Sources */ = {isa = PBXBuildFile; fileRef = 6674ED5D1B474F0600206FC5 /* BetSlipTableViewCell.swift */; };
		6674ED611B47637200206FC5 /* doubleStringExtension.swift in Sources */ = {isa = PBXBuildFile; fileRef = 6674ED601B47637200206FC5 /* doubleStringExtension.swift */; };
		6679AD341B487DCA001350D0 /* DAKeyboardControl.m in Sources */ = {isa = PBXBuildFile; fileRef = 6679AD331B487DCA001350D0 /* DAKeyboardControl.m */; };
		667B6B301B357DDE00609C4B /* StatsBarView.swift in Sources */ = {isa = PBXBuildFile; fileRef = 667B6B2F1B357DDE00609C4B /* StatsBarView.swift */; };
		667B6B321B357DEF00609C4B /* StatsBarView.xib in Resources */ = {isa = PBXBuildFile; fileRef = 667B6B311B357DEF00609C4B /* StatsBarView.xib */; };
		668ECCC71B49A37700043813 /* NSData+MKBase64.m in Sources */ = {isa = PBXBuildFile; fileRef = 668ECCB91B49A37700043813 /* NSData+MKBase64.m */; };
		668ECCC81B49A37700043813 /* SFHFKeychainUtils.m in Sources */ = {isa = PBXBuildFile; fileRef = 668ECCBB1B49A37700043813 /* SFHFKeychainUtils.m */; };
		668ECCC91B49A37700043813 /* MKSKProduct.m in Sources */ = {isa = PBXBuildFile; fileRef = 668ECCBD1B49A37700043813 /* MKSKProduct.m */; };
		668ECCCA1B49A37700043813 /* MKSKSubscriptionProduct.m in Sources */ = {isa = PBXBuildFile; fileRef = 668ECCBF1B49A37700043813 /* MKSKSubscriptionProduct.m */; };
		668ECCCB1B49A37700043813 /* MKStoreKitConfigs.plist in Resources */ = {isa = PBXBuildFile; fileRef = 668ECCC11B49A37700043813 /* MKStoreKitConfigs.plist */; };
		668ECCCC1B49A37700043813 /* MKStoreManager.m in Sources */ = {isa = PBXBuildFile; fileRef = 668ECCC31B49A37700043813 /* MKStoreManager.m */; };
		668ECCCD1B49A37700043813 /* README.mdown in Sources */ = {isa = PBXBuildFile; fileRef = 668ECCC41B49A37700043813 /* README.mdown */; };
		668ECCCE1B49A37700043813 /* VerificationController.m in Sources */ = {isa = PBXBuildFile; fileRef = 668ECCC61B49A37700043813 /* VerificationController.m */; };
		668ECCD61B49C63100043813 /* Commisioner.m in Sources */ = {isa = PBXBuildFile; fileRef = 668ECCD11B49C63100043813 /* Commisioner.m */; };
		668ECCD71B49C63100043813 /* Pool.m in Sources */ = {isa = PBXBuildFile; fileRef = 668ECCD31B49C63100043813 /* Pool.m */; };
		668ECCD81B49C63100043813 /* PoolMembers.m in Sources */ = {isa = PBXBuildFile; fileRef = 668ECCD51B49C63100043813 /* PoolMembers.m */; };
		668ECCDA1B49CE4800043813 /* PoolLeaderboardViewController.swift in Sources */ = {isa = PBXBuildFile; fileRef = 668ECCD91B49CE4800043813 /* PoolLeaderboardViewController.swift */; };
		66A7DA441B98E7BD0009FC27 /* CreatePoolViewController.swift in Sources */ = {isa = PBXBuildFile; fileRef = 66A7DA431B98E7BD0009FC27 /* CreatePoolViewController.swift */; };
		66A7DA5A1B98ED090009FC27 /* AbstractActionSheetPicker.m in Sources */ = {isa = PBXBuildFile; fileRef = 66A7DA4A1B98ED090009FC27 /* AbstractActionSheetPicker.m */; };
		66A7DA5B1B98ED090009FC27 /* ActionSheetCustomPicker.m in Sources */ = {isa = PBXBuildFile; fileRef = 66A7DA4C1B98ED090009FC27 /* ActionSheetCustomPicker.m */; };
		66A7DA5C1B98ED090009FC27 /* ActionSheetDatePicker.m in Sources */ = {isa = PBXBuildFile; fileRef = 66A7DA4F1B98ED090009FC27 /* ActionSheetDatePicker.m */; };
		66A7DA5D1B98ED090009FC27 /* ActionSheetDistancePicker.m in Sources */ = {isa = PBXBuildFile; fileRef = 66A7DA511B98ED090009FC27 /* ActionSheetDistancePicker.m */; };
		66A7DA5E1B98ED090009FC27 /* ActionSheetLocalePicker.m in Sources */ = {isa = PBXBuildFile; fileRef = 66A7DA531B98ED090009FC27 /* ActionSheetLocalePicker.m */; };
		66A7DA5F1B98ED090009FC27 /* ActionSheetStringPicker.m in Sources */ = {isa = PBXBuildFile; fileRef = 66A7DA551B98ED090009FC27 /* ActionSheetStringPicker.m */; };
		66A7DA601B98ED090009FC27 /* DistancePickerView.m in Sources */ = {isa = PBXBuildFile; fileRef = 66A7DA571B98ED090009FC27 /* DistancePickerView.m */; };
		66A7DA611B98ED090009FC27 /* SWActionSheet.m in Sources */ = {isa = PBXBuildFile; fileRef = 66A7DA591B98ED090009FC27 /* SWActionSheet.m */; };
		66D6C9E41B3DABF800A271B0 /* MKAnnotationView+WebCache.m in Sources */ = {isa = PBXBuildFile; fileRef = 66D6C9C41B3DABF800A271B0 /* MKAnnotationView+WebCache.m */; };
		66D6C9E51B3DABF800A271B0 /* NSData+ImageContentType.m in Sources */ = {isa = PBXBuildFile; fileRef = 66D6C9C61B3DABF800A271B0 /* NSData+ImageContentType.m */; };
		66D6C9E61B3DABF800A271B0 /* SDImageCache.m in Sources */ = {isa = PBXBuildFile; fileRef = 66D6C9C81B3DABF800A271B0 /* SDImageCache.m */; };
		66D6C9E71B3DABF800A271B0 /* SDWebImageCompat.m in Sources */ = {isa = PBXBuildFile; fileRef = 66D6C9CA1B3DABF800A271B0 /* SDWebImageCompat.m */; };
		66D6C9E81B3DABF800A271B0 /* SDWebImageDecoder.m in Sources */ = {isa = PBXBuildFile; fileRef = 66D6C9CC1B3DABF800A271B0 /* SDWebImageDecoder.m */; };
		66D6C9E91B3DABF800A271B0 /* SDWebImageDownloader.m in Sources */ = {isa = PBXBuildFile; fileRef = 66D6C9CE1B3DABF800A271B0 /* SDWebImageDownloader.m */; };
		66D6C9EA1B3DABF800A271B0 /* SDWebImageDownloaderOperation.m in Sources */ = {isa = PBXBuildFile; fileRef = 66D6C9D01B3DABF800A271B0 /* SDWebImageDownloaderOperation.m */; };
		66D6C9EB1B3DABF800A271B0 /* SDWebImageManager.m in Sources */ = {isa = PBXBuildFile; fileRef = 66D6C9D21B3DABF800A271B0 /* SDWebImageManager.m */; };
		66D6C9EC1B3DABF800A271B0 /* SDWebImagePrefetcher.m in Sources */ = {isa = PBXBuildFile; fileRef = 66D6C9D51B3DABF800A271B0 /* SDWebImagePrefetcher.m */; };
		66D6C9ED1B3DABF800A271B0 /* UIButton+WebCache.m in Sources */ = {isa = PBXBuildFile; fileRef = 66D6C9D71B3DABF800A271B0 /* UIButton+WebCache.m */; };
		66D6C9EE1B3DABF800A271B0 /* UIImage+GIF.m in Sources */ = {isa = PBXBuildFile; fileRef = 66D6C9D91B3DABF800A271B0 /* UIImage+GIF.m */; };
		66D6C9EF1B3DABF800A271B0 /* UIImage+MultiFormat.m in Sources */ = {isa = PBXBuildFile; fileRef = 66D6C9DB1B3DABF800A271B0 /* UIImage+MultiFormat.m */; };
		66D6C9F01B3DABF800A271B0 /* UIImage+WebP.m in Sources */ = {isa = PBXBuildFile; fileRef = 66D6C9DD1B3DABF800A271B0 /* UIImage+WebP.m */; };
		66D6C9F11B3DABF800A271B0 /* UIImageView+HighlightedWebCache.m in Sources */ = {isa = PBXBuildFile; fileRef = 66D6C9DF1B3DABF800A271B0 /* UIImageView+HighlightedWebCache.m */; };
		66D6C9F21B3DABF800A271B0 /* UIImageView+WebCache.m in Sources */ = {isa = PBXBuildFile; fileRef = 66D6C9E11B3DABF800A271B0 /* UIImageView+WebCache.m */; };
		66D6C9F31B3DABF800A271B0 /* UIView+WebCacheOperation.m in Sources */ = {isa = PBXBuildFile; fileRef = 66D6C9E31B3DABF800A271B0 /* UIView+WebCacheOperation.m */; };
		66D6C9F51B3DAC4700A271B0 /* LeaderboardViewController.swift in Sources */ = {isa = PBXBuildFile; fileRef = 66D6C9F41B3DAC4700A271B0 /* LeaderboardViewController.swift */; };
		66D6C9F71B3DAC5300A271B0 /* ExpertViewController.swift in Sources */ = {isa = PBXBuildFile; fileRef = 66D6C9F61B3DAC5300A271B0 /* ExpertViewController.swift */; };
		66D6C9F91B3DAC5F00A271B0 /* PoolViewController.swift in Sources */ = {isa = PBXBuildFile; fileRef = 66D6C9F81B3DAC5F00A271B0 /* PoolViewController.swift */; };
		66D6C9FB1B3DAC6E00A271B0 /* SportsViewController.swift in Sources */ = {isa = PBXBuildFile; fileRef = 66D6C9FA1B3DAC6E00A271B0 /* SportsViewController.swift */; };
		66D6C9FD1B3DAC7C00A271B0 /* GamesViewController.swift in Sources */ = {isa = PBXBuildFile; fileRef = 66D6C9FC1B3DAC7C00A271B0 /* GamesViewController.swift */; };
		66D6C9FF1B3DAC8800A271B0 /* MyPoolViewController.swift in Sources */ = {isa = PBXBuildFile; fileRef = 66D6C9FE1B3DAC8800A271B0 /* MyPoolViewController.swift */; };
		66D6CA011B3DAC8F00A271B0 /* PoolDetailViewController.swift in Sources */ = {isa = PBXBuildFile; fileRef = 66D6CA001B3DAC8F00A271B0 /* PoolDetailViewController.swift */; };
		66D6CA031B3DAC9D00A271B0 /* BetSlipViewController.swift in Sources */ = {isa = PBXBuildFile; fileRef = 66D6CA021B3DAC9D00A271B0 /* BetSlipViewController.swift */; };
		66D6CA051B3DACA700A271B0 /* MyPicksViewController.swift in Sources */ = {isa = PBXBuildFile; fileRef = 66D6CA041B3DACA700A271B0 /* MyPicksViewController.swift */; };
		66D6CA071B3DACB200A271B0 /* PicksOfPlayerViewController.swift in Sources */ = {isa = PBXBuildFile; fileRef = 66D6CA061B3DACB200A271B0 /* PicksOfPlayerViewController.swift */; };
		66D6CA091B3DB13A00A271B0 /* Utils.swift in Sources */ = {isa = PBXBuildFile; fileRef = 66D6CA081B3DB13A00A271B0 /* Utils.swift */; };
		66DA44701B3D82C400CF24F7 /* GetDollarsViewController.swift in Sources */ = {isa = PBXBuildFile; fileRef = 66DA446F1B3D82C400CF24F7 /* GetDollarsViewController.swift */; };
		66DEAF401B42B8DB0079BBC9 /* SportListTableViewCell.swift in Sources */ = {isa = PBXBuildFile; fileRef = 66DEAF3E1B42B8DB0079BBC9 /* SportListTableViewCell.swift */; };
		66DEAF481B42C5770079BBC9 /* LeaderboardTableViewCell.swift in Sources */ = {isa = PBXBuildFile; fileRef = 66DEAF471B42C5770079BBC9 /* LeaderboardTableViewCell.swift */; };
		66DFA0031B5542BF008A8FAC /* FBSDKShareKit.framework in Frameworks */ = {isa = PBXBuildFile; fileRef = 66DFA0021B5542BF008A8FAC /* FBSDKShareKit.framework */; };
		66E089911BBF459E0077087B /* SVIndefiniteAnimatedView.m in Sources */ = {isa = PBXBuildFile; fileRef = 66E0898A1BBF459E0077087B /* SVIndefiniteAnimatedView.m */; };
		66E089921BBF459E0077087B /* SVProgressHUD.bundle in Resources */ = {isa = PBXBuildFile; fileRef = 66E0898C1BBF459E0077087B /* SVProgressHUD.bundle */; };
		66E089931BBF459E0077087B /* SVProgressHUD.m in Sources */ = {isa = PBXBuildFile; fileRef = 66E0898E1BBF459E0077087B /* SVProgressHUD.m */; };
		66E089941BBF459E0077087B /* SVRadialGradientLayer.m in Sources */ = {isa = PBXBuildFile; fileRef = 66E089901BBF459E0077087B /* SVRadialGradientLayer.m */; };
		66FDB6F91B277FAD00D0B2F4 /* FBSDKCoreKit.framework in Frameworks */ = {isa = PBXBuildFile; fileRef = 66FDB6F71B277FAD00D0B2F4 /* FBSDKCoreKit.framework */; };
		66FDB6FA1B277FAD00D0B2F4 /* FBSDKLoginKit.framework in Frameworks */ = {isa = PBXBuildFile; fileRef = 66FDB6F81B277FAD00D0B2F4 /* FBSDKLoginKit.framework */; };
		66FDB6FE1B27807900D0B2F4 /* ViewController.swift in Sources */ = {isa = PBXBuildFile; fileRef = 66FDB6FD1B27807900D0B2F4 /* ViewController.swift */; };
		66FDB7031B2780CB00D0B2F4 /* BaseViewController.swift in Sources */ = {isa = PBXBuildFile; fileRef = 66FDB7021B2780CB00D0B2F4 /* BaseViewController.swift */; };
		66FDB7051B2782DA00D0B2F4 /* Bolts.framework in Frameworks */ = {isa = PBXBuildFile; fileRef = 66FDB7041B2782DA00D0B2F4 /* Bolts.framework */; };
/* End PBXBuildFile section */

/* Begin PBXContainerItemProxy section */
		6603B5D41B277E0D0014489A /* PBXContainerItemProxy */ = {
			isa = PBXContainerItemProxy;
			containerPortal = 6603B5B61B277E0D0014489A /* Project object */;
			proxyType = 1;
			remoteGlobalIDString = 6603B5BD1B277E0D0014489A;
			remoteInfo = wagerocity;
		};
		666CF68F1B27884E00AD4DF5 /* PBXContainerItemProxy */ = {
			isa = PBXContainerItemProxy;
			containerPortal = 666CF6881B27884D00AD4DF5 /* Alamofire.xcodeproj */;
			proxyType = 2;
			remoteGlobalIDString = F8111E3319A95C8B0040E7D1;
			remoteInfo = "Alamofire iOS";
		};
		666CF6911B27884E00AD4DF5 /* PBXContainerItemProxy */ = {
			isa = PBXContainerItemProxy;
			containerPortal = 666CF6881B27884D00AD4DF5 /* Alamofire.xcodeproj */;
			proxyType = 2;
			remoteGlobalIDString = 4DD67C0B1A5C55C900ED2280;
			remoteInfo = "Alamofire OSX";
		};
		666CF6931B27884E00AD4DF5 /* PBXContainerItemProxy */ = {
			isa = PBXContainerItemProxy;
			containerPortal = 666CF6881B27884D00AD4DF5 /* Alamofire.xcodeproj */;
			proxyType = 2;
			remoteGlobalIDString = F8111E3E19A95C8B0040E7D1;
			remoteInfo = "Alamofire iOS Tests";
		};
		666CF6951B27884E00AD4DF5 /* PBXContainerItemProxy */ = {
			isa = PBXContainerItemProxy;
			containerPortal = 666CF6881B27884D00AD4DF5 /* Alamofire.xcodeproj */;
			proxyType = 2;
			remoteGlobalIDString = F829C6B21A7A94F100A2CD59;
			remoteInfo = "Alamofire OSX Tests";
		};
		666CF6991B2788B600AD4DF5 /* PBXContainerItemProxy */ = {
			isa = PBXContainerItemProxy;
			containerPortal = 666CF6881B27884D00AD4DF5 /* Alamofire.xcodeproj */;
			proxyType = 1;
			remoteGlobalIDString = F8111E3219A95C8B0040E7D1;
			remoteInfo = "Alamofire iOS";
		};
/* End PBXContainerItemProxy section */

/* Begin PBXCopyFilesBuildPhase section */
		666CF69B1B2788B600AD4DF5 /* Embed Frameworks */ = {
			isa = PBXCopyFilesBuildPhase;
			buildActionMask = 2147483647;
			dstPath = "";
			dstSubfolderSpec = 10;
			files = (
				666CF6981B2788B600AD4DF5 /* Alamofire.framework in Embed Frameworks */,
			);
			name = "Embed Frameworks";
			runOnlyForDeploymentPostprocessing = 0;
		};
/* End PBXCopyFilesBuildPhase section */

/* Begin PBXFileReference section */
		6603B5BE1B277E0D0014489A /* wagerocity.app */ = {isa = PBXFileReference; explicitFileType = wrapper.application; includeInIndex = 0; path = wagerocity.app; sourceTree = BUILT_PRODUCTS_DIR; };
		6603B5C21B277E0D0014489A /* Info.plist */ = {isa = PBXFileReference; lastKnownFileType = text.plist.xml; path = Info.plist; sourceTree = "<group>"; };
		6603B5C31B277E0D0014489A /* AppDelegate.swift */ = {isa = PBXFileReference; lastKnownFileType = sourcecode.swift; path = AppDelegate.swift; sourceTree = "<group>"; };
		6603B5C81B277E0D0014489A /* Base */ = {isa = PBXFileReference; lastKnownFileType = file.storyboard; name = Base; path = Base.lproj/Main.storyboard; sourceTree = "<group>"; };
		6603B5CA1B277E0D0014489A /* Images.xcassets */ = {isa = PBXFileReference; lastKnownFileType = folder.assetcatalog; path = Images.xcassets; sourceTree = "<group>"; };
		6603B5CD1B277E0D0014489A /* Base */ = {isa = PBXFileReference; lastKnownFileType = file.xib; name = Base; path = Base.lproj/LaunchScreen.xib; sourceTree = "<group>"; };
		6603B5D31B277E0D0014489A /* wagerocityTests.xctest */ = {isa = PBXFileReference; explicitFileType = wrapper.cfbundle; includeInIndex = 0; path = wagerocityTests.xctest; sourceTree = BUILT_PRODUCTS_DIR; };
		6603B5D81B277E0D0014489A /* Info.plist */ = {isa = PBXFileReference; lastKnownFileType = text.plist.xml; path = Info.plist; sourceTree = "<group>"; };
		6603B5D91B277E0D0014489A /* wagerocityTests.swift */ = {isa = PBXFileReference; lastKnownFileType = sourcecode.swift; path = wagerocityTests.swift; sourceTree = "<group>"; };
		664373401B3C8B5A00953458 /* Constants.swift */ = {isa = PBXFileReference; fileEncoding = 4; lastKnownFileType = sourcecode.swift; path = Constants.swift; sourceTree = "<group>"; };
		66452B8C1B50354B0087C9E9 /* SettingViewController.swift */ = {isa = PBXFileReference; fileEncoding = 4; lastKnownFileType = sourcecode.swift; path = SettingViewController.swift; sourceTree = "<group>"; };
		666CF6881B27884D00AD4DF5 /* Alamofire.xcodeproj */ = {isa = PBXFileReference; lastKnownFileType = "wrapper.pb-project"; name = Alamofire.xcodeproj; path = Alamofire/Alamofire.xcodeproj; sourceTree = "<group>"; };
		666CF70F1B28C4A500AD4DF5 /* wagerocity-Bridging-Header.h */ = {isa = PBXFileReference; lastKnownFileType = sourcecode.c.h; path = "wagerocity-Bridging-Header.h"; sourceTree = "<group>"; };
		666CF7101B28C4A600AD4DF5 /* User.h */ = {isa = PBXFileReference; fileEncoding = 4; lastKnownFileType = sourcecode.c.h; path = User.h; sourceTree = "<group>"; };
		666CF7111B28C4A600AD4DF5 /* User.m */ = {isa = PBXFileReference; fileEncoding = 4; lastKnownFileType = sourcecode.c.objc; path = User.m; sourceTree = "<group>"; };
		666CF7151B28CCDD00AD4DF5 /* DashboardViewController.swift */ = {isa = PBXFileReference; fileEncoding = 4; lastKnownFileType = sourcecode.swift; path = DashboardViewController.swift; sourceTree = "<group>"; };
		666CF71D1B28DCB100AD4DF5 /* NavigationBar.swift */ = {isa = PBXFileReference; fileEncoding = 4; lastKnownFileType = sourcecode.swift; path = NavigationBar.swift; sourceTree = "<group>"; };
		6674ED191B3DE7F800206FC5 /* Fabric.framework */ = {isa = PBXFileReference; lastKnownFileType = wrapper.framework; path = Fabric.framework; sourceTree = "<group>"; };
		6674ED1A1B3DE7F800206FC5 /* Crashlytics.framework */ = {isa = PBXFileReference; lastKnownFileType = wrapper.framework; path = Crashlytics.framework; sourceTree = "<group>"; };
		6674ED1D1B3DF3DC00206FC5 /* StoreKit.framework */ = {isa = PBXFileReference; lastKnownFileType = wrapper.framework; name = StoreKit.framework; path = System/Library/Frameworks/StoreKit.framework; sourceTree = SDKROOT; };
		6674ED241B431FE300206FC5 /* PickOfPlayerTableViewCell.swift */ = {isa = PBXFileReference; fileEncoding = 4; lastKnownFileType = sourcecode.swift; path = PickOfPlayerTableViewCell.swift; sourceTree = "<group>"; };
		6674ED261B4325FE00206FC5 /* ServiceModel.swift */ = {isa = PBXFileReference; fileEncoding = 4; lastKnownFileType = sourcecode.swift; path = ServiceModel.swift; sourceTree = "<group>"; };
		6674ED281B44768100206FC5 /* ExpertTableViewCell.swift */ = {isa = PBXFileReference; fileEncoding = 4; lastKnownFileType = sourcecode.swift; path = ExpertTableViewCell.swift; sourceTree = "<group>"; };
		6674ED2A1B44A02100206FC5 /* Pick.h */ = {isa = PBXFileReference; fileEncoding = 4; lastKnownFileType = sourcecode.c.h; path = Pick.h; sourceTree = "<group>"; };
		6674ED2B1B44A02100206FC5 /* Pick.m */ = {isa = PBXFileReference; fileEncoding = 4; lastKnownFileType = sourcecode.c.objc; path = Pick.m; sourceTree = "<group>"; };
		6674ED301B44A0BE00206FC5 /* OddInfo.h */ = {isa = PBXFileReference; fileEncoding = 4; lastKnownFileType = sourcecode.c.h; path = OddInfo.h; sourceTree = "<group>"; };
		6674ED311B44A0BE00206FC5 /* OddInfo.m */ = {isa = PBXFileReference; fileEncoding = 4; lastKnownFileType = sourcecode.c.objc; path = OddInfo.m; sourceTree = "<group>"; };
		6674ED341B44A30E00206FC5 /* MyPickTableViewCell.swift */ = {isa = PBXFileReference; fileEncoding = 4; lastKnownFileType = sourcecode.swift; path = MyPickTableViewCell.swift; sourceTree = "<group>"; };
		6674ED391B45C75E00206FC5 /* DateTools.bundle */ = {isa = PBXFileReference; lastKnownFileType = "wrapper.plug-in"; path = DateTools.bundle; sourceTree = "<group>"; };
		6674ED3A1B45C75E00206FC5 /* DateTools.h */ = {isa = PBXFileReference; fileEncoding = 4; lastKnownFileType = sourcecode.c.h; path = DateTools.h; sourceTree = "<group>"; };
		6674ED3B1B45C75E00206FC5 /* DTConstants.h */ = {isa = PBXFileReference; fileEncoding = 4; lastKnownFileType = sourcecode.c.h; path = DTConstants.h; sourceTree = "<group>"; };
		6674ED3C1B45C75E00206FC5 /* DTError.h */ = {isa = PBXFileReference; fileEncoding = 4; lastKnownFileType = sourcecode.c.h; path = DTError.h; sourceTree = "<group>"; };
		6674ED3D1B45C75E00206FC5 /* DTError.m */ = {isa = PBXFileReference; fileEncoding = 4; lastKnownFileType = sourcecode.c.objc; path = DTError.m; sourceTree = "<group>"; };
		6674ED3E1B45C75E00206FC5 /* DTTimePeriod.h */ = {isa = PBXFileReference; fileEncoding = 4; lastKnownFileType = sourcecode.c.h; path = DTTimePeriod.h; sourceTree = "<group>"; };
		6674ED3F1B45C75E00206FC5 /* DTTimePeriod.m */ = {isa = PBXFileReference; fileEncoding = 4; lastKnownFileType = sourcecode.c.objc; path = DTTimePeriod.m; sourceTree = "<group>"; };
		6674ED401B45C75E00206FC5 /* DTTimePeriodChain.h */ = {isa = PBXFileReference; fileEncoding = 4; lastKnownFileType = sourcecode.c.h; path = DTTimePeriodChain.h; sourceTree = "<group>"; };
		6674ED411B45C75E00206FC5 /* DTTimePeriodChain.m */ = {isa = PBXFileReference; fileEncoding = 4; lastKnownFileType = sourcecode.c.objc; path = DTTimePeriodChain.m; sourceTree = "<group>"; };
		6674ED421B45C75E00206FC5 /* DTTimePeriodCollection.h */ = {isa = PBXFileReference; fileEncoding = 4; lastKnownFileType = sourcecode.c.h; path = DTTimePeriodCollection.h; sourceTree = "<group>"; };
		6674ED431B45C75E00206FC5 /* DTTimePeriodCollection.m */ = {isa = PBXFileReference; fileEncoding = 4; lastKnownFileType = sourcecode.c.objc; path = DTTimePeriodCollection.m; sourceTree = "<group>"; };
		6674ED441B45C75E00206FC5 /* DTTimePeriodGroup.h */ = {isa = PBXFileReference; fileEncoding = 4; lastKnownFileType = sourcecode.c.h; path = DTTimePeriodGroup.h; sourceTree = "<group>"; };
		6674ED451B45C75E00206FC5 /* DTTimePeriodGroup.m */ = {isa = PBXFileReference; fileEncoding = 4; lastKnownFileType = sourcecode.c.objc; path = DTTimePeriodGroup.m; sourceTree = "<group>"; };
		6674ED461B45C75E00206FC5 /* NSDate+DateTools.h */ = {isa = PBXFileReference; fileEncoding = 4; lastKnownFileType = sourcecode.c.h; path = "NSDate+DateTools.h"; sourceTree = "<group>"; };
		6674ED471B45C75E00206FC5 /* NSDate+DateTools.m */ = {isa = PBXFileReference; fileEncoding = 4; lastKnownFileType = sourcecode.c.objc; path = "NSDate+DateTools.m"; sourceTree = "<group>"; };
		6674ED4F1B4707DE00206FC5 /* GameTableViewCell.swift */ = {isa = PBXFileReference; fileEncoding = 4; lastKnownFileType = sourcecode.swift; path = GameTableViewCell.swift; sourceTree = "<group>"; };
		6674ED541B47103100206FC5 /* Game.h */ = {isa = PBXFileReference; fileEncoding = 4; lastKnownFileType = sourcecode.c.h; path = Game.h; sourceTree = "<group>"; };
		6674ED551B47103100206FC5 /* Game.m */ = {isa = PBXFileReference; fileEncoding = 4; lastKnownFileType = sourcecode.c.objc; path = Game.m; sourceTree = "<group>"; };
		6674ED581B47225100206FC5 /* Odd.h */ = {isa = PBXFileReference; fileEncoding = 4; lastKnownFileType = sourcecode.c.h; path = Odd.h; sourceTree = "<group>"; };
		6674ED591B47225100206FC5 /* Odd.m */ = {isa = PBXFileReference; fileEncoding = 4; lastKnownFileType = sourcecode.c.objc; path = Odd.m; sourceTree = "<group>"; };
		6674ED5B1B472FE900206FC5 /* OddHolder.swift */ = {isa = PBXFileReference; fileEncoding = 4; lastKnownFileType = sourcecode.swift; path = OddHolder.swift; sourceTree = "<group>"; };
		6674ED5D1B474F0600206FC5 /* BetSlipTableViewCell.swift */ = {isa = PBXFileReference; fileEncoding = 4; lastKnownFileType = sourcecode.swift; path = BetSlipTableViewCell.swift; sourceTree = "<group>"; };
		6674ED601B47637200206FC5 /* doubleStringExtension.swift */ = {isa = PBXFileReference; fileEncoding = 4; lastKnownFileType = sourcecode.swift; path = doubleStringExtension.swift; sourceTree = "<group>"; };
		6679AD321B487DCA001350D0 /* DAKeyboardControl.h */ = {isa = PBXFileReference; fileEncoding = 4; lastKnownFileType = sourcecode.c.h; path = DAKeyboardControl.h; sourceTree = "<group>"; };
		6679AD331B487DCA001350D0 /* DAKeyboardControl.m */ = {isa = PBXFileReference; fileEncoding = 4; lastKnownFileType = sourcecode.c.objc; path = DAKeyboardControl.m; sourceTree = "<group>"; };
		667B6B2F1B357DDE00609C4B /* StatsBarView.swift */ = {isa = PBXFileReference; fileEncoding = 4; lastKnownFileType = sourcecode.swift; path = StatsBarView.swift; sourceTree = "<group>"; };
		667B6B311B357DEF00609C4B /* StatsBarView.xib */ = {isa = PBXFileReference; fileEncoding = 4; lastKnownFileType = file.xib; path = StatsBarView.xib; sourceTree = "<group>"; };
		668ECCB81B49A37700043813 /* NSData+MKBase64.h */ = {isa = PBXFileReference; fileEncoding = 4; lastKnownFileType = sourcecode.c.h; path = "NSData+MKBase64.h"; sourceTree = "<group>"; };
		668ECCB91B49A37700043813 /* NSData+MKBase64.m */ = {isa = PBXFileReference; fileEncoding = 4; lastKnownFileType = sourcecode.c.objc; path = "NSData+MKBase64.m"; sourceTree = "<group>"; };
		668ECCBA1B49A37700043813 /* SFHFKeychainUtils.h */ = {isa = PBXFileReference; fileEncoding = 4; lastKnownFileType = sourcecode.c.h; path = SFHFKeychainUtils.h; sourceTree = "<group>"; };
		668ECCBB1B49A37700043813 /* SFHFKeychainUtils.m */ = {isa = PBXFileReference; fileEncoding = 4; lastKnownFileType = sourcecode.c.objc; path = SFHFKeychainUtils.m; sourceTree = "<group>"; };
		668ECCBC1B49A37700043813 /* MKSKProduct.h */ = {isa = PBXFileReference; fileEncoding = 4; lastKnownFileType = sourcecode.c.h; path = MKSKProduct.h; sourceTree = "<group>"; };
		668ECCBD1B49A37700043813 /* MKSKProduct.m */ = {isa = PBXFileReference; fileEncoding = 4; lastKnownFileType = sourcecode.c.objc; path = MKSKProduct.m; sourceTree = "<group>"; };
		668ECCBE1B49A37700043813 /* MKSKSubscriptionProduct.h */ = {isa = PBXFileReference; fileEncoding = 4; lastKnownFileType = sourcecode.c.h; path = MKSKSubscriptionProduct.h; sourceTree = "<group>"; };
		668ECCBF1B49A37700043813 /* MKSKSubscriptionProduct.m */ = {isa = PBXFileReference; fileEncoding = 4; lastKnownFileType = sourcecode.c.objc; path = MKSKSubscriptionProduct.m; sourceTree = "<group>"; };
		668ECCC01B49A37700043813 /* MKStoreKitConfigs.h */ = {isa = PBXFileReference; fileEncoding = 4; lastKnownFileType = sourcecode.c.h; path = MKStoreKitConfigs.h; sourceTree = "<group>"; };
		668ECCC11B49A37700043813 /* MKStoreKitConfigs.plist */ = {isa = PBXFileReference; fileEncoding = 4; lastKnownFileType = text.plist.xml; path = MKStoreKitConfigs.plist; sourceTree = "<group>"; };
		668ECCC21B49A37700043813 /* MKStoreManager.h */ = {isa = PBXFileReference; fileEncoding = 4; lastKnownFileType = sourcecode.c.h; path = MKStoreManager.h; sourceTree = "<group>"; };
		668ECCC31B49A37700043813 /* MKStoreManager.m */ = {isa = PBXFileReference; fileEncoding = 4; lastKnownFileType = sourcecode.c.objc; path = MKStoreManager.m; sourceTree = "<group>"; };
		668ECCC41B49A37700043813 /* README.mdown */ = {isa = PBXFileReference; fileEncoding = 4; lastKnownFileType = net.daringfireball.markdown; path = README.mdown; sourceTree = "<group>"; };
		668ECCC51B49A37700043813 /* VerificationController.h */ = {isa = PBXFileReference; fileEncoding = 4; lastKnownFileType = sourcecode.c.h; path = VerificationController.h; sourceTree = "<group>"; };
		668ECCC61B49A37700043813 /* VerificationController.m */ = {isa = PBXFileReference; fileEncoding = 4; lastKnownFileType = sourcecode.c.objc; path = VerificationController.m; sourceTree = "<group>"; };
		668ECCD01B49C63100043813 /* Commisioner.h */ = {isa = PBXFileReference; fileEncoding = 4; lastKnownFileType = sourcecode.c.h; path = Commisioner.h; sourceTree = "<group>"; };
		668ECCD11B49C63100043813 /* Commisioner.m */ = {isa = PBXFileReference; fileEncoding = 4; lastKnownFileType = sourcecode.c.objc; path = Commisioner.m; sourceTree = "<group>"; };
		668ECCD21B49C63100043813 /* Pool.h */ = {isa = PBXFileReference; fileEncoding = 4; lastKnownFileType = sourcecode.c.h; path = Pool.h; sourceTree = "<group>"; };
		668ECCD31B49C63100043813 /* Pool.m */ = {isa = PBXFileReference; fileEncoding = 4; lastKnownFileType = sourcecode.c.objc; path = Pool.m; sourceTree = "<group>"; };
		668ECCD41B49C63100043813 /* PoolMembers.h */ = {isa = PBXFileReference; fileEncoding = 4; lastKnownFileType = sourcecode.c.h; path = PoolMembers.h; sourceTree = "<group>"; };
		668ECCD51B49C63100043813 /* PoolMembers.m */ = {isa = PBXFileReference; fileEncoding = 4; lastKnownFileType = sourcecode.c.objc; path = PoolMembers.m; sourceTree = "<group>"; };
		668ECCD91B49CE4800043813 /* PoolLeaderboardViewController.swift */ = {isa = PBXFileReference; fileEncoding = 4; lastKnownFileType = sourcecode.swift; path = PoolLeaderboardViewController.swift; sourceTree = "<group>"; };
		66A7DA431B98E7BD0009FC27 /* CreatePoolViewController.swift */ = {isa = PBXFileReference; fileEncoding = 4; lastKnownFileType = sourcecode.swift; path = CreatePoolViewController.swift; sourceTree = "<group>"; };
		66A7DA491B98ED090009FC27 /* AbstractActionSheetPicker.h */ = {isa = PBXFileReference; fileEncoding = 4; lastKnownFileType = sourcecode.c.h; path = AbstractActionSheetPicker.h; sourceTree = "<group>"; };
		66A7DA4A1B98ED090009FC27 /* AbstractActionSheetPicker.m */ = {isa = PBXFileReference; fileEncoding = 4; lastKnownFileType = sourcecode.c.objc; path = AbstractActionSheetPicker.m; sourceTree = "<group>"; };
		66A7DA4B1B98ED090009FC27 /* ActionSheetCustomPicker.h */ = {isa = PBXFileReference; fileEncoding = 4; lastKnownFileType = sourcecode.c.h; path = ActionSheetCustomPicker.h; sourceTree = "<group>"; };
		66A7DA4C1B98ED090009FC27 /* ActionSheetCustomPicker.m */ = {isa = PBXFileReference; fileEncoding = 4; lastKnownFileType = sourcecode.c.objc; path = ActionSheetCustomPicker.m; sourceTree = "<group>"; };
		66A7DA4D1B98ED090009FC27 /* ActionSheetCustomPickerDelegate.h */ = {isa = PBXFileReference; fileEncoding = 4; lastKnownFileType = sourcecode.c.h; path = ActionSheetCustomPickerDelegate.h; sourceTree = "<group>"; };
		66A7DA4E1B98ED090009FC27 /* ActionSheetDatePicker.h */ = {isa = PBXFileReference; fileEncoding = 4; lastKnownFileType = sourcecode.c.h; path = ActionSheetDatePicker.h; sourceTree = "<group>"; };
		66A7DA4F1B98ED090009FC27 /* ActionSheetDatePicker.m */ = {isa = PBXFileReference; fileEncoding = 4; lastKnownFileType = sourcecode.c.objc; path = ActionSheetDatePicker.m; sourceTree = "<group>"; };
		66A7DA501B98ED090009FC27 /* ActionSheetDistancePicker.h */ = {isa = PBXFileReference; fileEncoding = 4; lastKnownFileType = sourcecode.c.h; path = ActionSheetDistancePicker.h; sourceTree = "<group>"; };
		66A7DA511B98ED090009FC27 /* ActionSheetDistancePicker.m */ = {isa = PBXFileReference; fileEncoding = 4; lastKnownFileType = sourcecode.c.objc; path = ActionSheetDistancePicker.m; sourceTree = "<group>"; };
		66A7DA521B98ED090009FC27 /* ActionSheetLocalePicker.h */ = {isa = PBXFileReference; fileEncoding = 4; lastKnownFileType = sourcecode.c.h; path = ActionSheetLocalePicker.h; sourceTree = "<group>"; };
		66A7DA531B98ED090009FC27 /* ActionSheetLocalePicker.m */ = {isa = PBXFileReference; fileEncoding = 4; lastKnownFileType = sourcecode.c.objc; path = ActionSheetLocalePicker.m; sourceTree = "<group>"; };
		66A7DA541B98ED090009FC27 /* ActionSheetStringPicker.h */ = {isa = PBXFileReference; fileEncoding = 4; lastKnownFileType = sourcecode.c.h; path = ActionSheetStringPicker.h; sourceTree = "<group>"; };
		66A7DA551B98ED090009FC27 /* ActionSheetStringPicker.m */ = {isa = PBXFileReference; fileEncoding = 4; lastKnownFileType = sourcecode.c.objc; path = ActionSheetStringPicker.m; sourceTree = "<group>"; };
		66A7DA561B98ED090009FC27 /* DistancePickerView.h */ = {isa = PBXFileReference; fileEncoding = 4; lastKnownFileType = sourcecode.c.h; path = DistancePickerView.h; sourceTree = "<group>"; };
		66A7DA571B98ED090009FC27 /* DistancePickerView.m */ = {isa = PBXFileReference; fileEncoding = 4; lastKnownFileType = sourcecode.c.objc; path = DistancePickerView.m; sourceTree = "<group>"; };
		66A7DA581B98ED090009FC27 /* SWActionSheet.h */ = {isa = PBXFileReference; fileEncoding = 4; lastKnownFileType = sourcecode.c.h; path = SWActionSheet.h; sourceTree = "<group>"; };
		66A7DA591B98ED090009FC27 /* SWActionSheet.m */ = {isa = PBXFileReference; fileEncoding = 4; lastKnownFileType = sourcecode.c.objc; path = SWActionSheet.m; sourceTree = "<group>"; };
		66D6C9C31B3DABF800A271B0 /* MKAnnotationView+WebCache.h */ = {isa = PBXFileReference; fileEncoding = 4; lastKnownFileType = sourcecode.c.h; path = "MKAnnotationView+WebCache.h"; sourceTree = "<group>"; };
		66D6C9C41B3DABF800A271B0 /* MKAnnotationView+WebCache.m */ = {isa = PBXFileReference; fileEncoding = 4; lastKnownFileType = sourcecode.c.objc; path = "MKAnnotationView+WebCache.m"; sourceTree = "<group>"; };
		66D6C9C51B3DABF800A271B0 /* NSData+ImageContentType.h */ = {isa = PBXFileReference; fileEncoding = 4; lastKnownFileType = sourcecode.c.h; path = "NSData+ImageContentType.h"; sourceTree = "<group>"; };
		66D6C9C61B3DABF800A271B0 /* NSData+ImageContentType.m */ = {isa = PBXFileReference; fileEncoding = 4; lastKnownFileType = sourcecode.c.objc; path = "NSData+ImageContentType.m"; sourceTree = "<group>"; };
		66D6C9C71B3DABF800A271B0 /* SDImageCache.h */ = {isa = PBXFileReference; fileEncoding = 4; lastKnownFileType = sourcecode.c.h; path = SDImageCache.h; sourceTree = "<group>"; };
		66D6C9C81B3DABF800A271B0 /* SDImageCache.m */ = {isa = PBXFileReference; fileEncoding = 4; lastKnownFileType = sourcecode.c.objc; path = SDImageCache.m; sourceTree = "<group>"; };
		66D6C9C91B3DABF800A271B0 /* SDWebImageCompat.h */ = {isa = PBXFileReference; fileEncoding = 4; lastKnownFileType = sourcecode.c.h; path = SDWebImageCompat.h; sourceTree = "<group>"; };
		66D6C9CA1B3DABF800A271B0 /* SDWebImageCompat.m */ = {isa = PBXFileReference; fileEncoding = 4; lastKnownFileType = sourcecode.c.objc; path = SDWebImageCompat.m; sourceTree = "<group>"; };
		66D6C9CB1B3DABF800A271B0 /* SDWebImageDecoder.h */ = {isa = PBXFileReference; fileEncoding = 4; lastKnownFileType = sourcecode.c.h; path = SDWebImageDecoder.h; sourceTree = "<group>"; };
		66D6C9CC1B3DABF800A271B0 /* SDWebImageDecoder.m */ = {isa = PBXFileReference; fileEncoding = 4; lastKnownFileType = sourcecode.c.objc; path = SDWebImageDecoder.m; sourceTree = "<group>"; };
		66D6C9CD1B3DABF800A271B0 /* SDWebImageDownloader.h */ = {isa = PBXFileReference; fileEncoding = 4; lastKnownFileType = sourcecode.c.h; path = SDWebImageDownloader.h; sourceTree = "<group>"; };
		66D6C9CE1B3DABF800A271B0 /* SDWebImageDownloader.m */ = {isa = PBXFileReference; fileEncoding = 4; lastKnownFileType = sourcecode.c.objc; path = SDWebImageDownloader.m; sourceTree = "<group>"; };
		66D6C9CF1B3DABF800A271B0 /* SDWebImageDownloaderOperation.h */ = {isa = PBXFileReference; fileEncoding = 4; lastKnownFileType = sourcecode.c.h; path = SDWebImageDownloaderOperation.h; sourceTree = "<group>"; };
		66D6C9D01B3DABF800A271B0 /* SDWebImageDownloaderOperation.m */ = {isa = PBXFileReference; fileEncoding = 4; lastKnownFileType = sourcecode.c.objc; path = SDWebImageDownloaderOperation.m; sourceTree = "<group>"; };
		66D6C9D11B3DABF800A271B0 /* SDWebImageManager.h */ = {isa = PBXFileReference; fileEncoding = 4; lastKnownFileType = sourcecode.c.h; path = SDWebImageManager.h; sourceTree = "<group>"; };
		66D6C9D21B3DABF800A271B0 /* SDWebImageManager.m */ = {isa = PBXFileReference; fileEncoding = 4; lastKnownFileType = sourcecode.c.objc; path = SDWebImageManager.m; sourceTree = "<group>"; };
		66D6C9D31B3DABF800A271B0 /* SDWebImageOperation.h */ = {isa = PBXFileReference; fileEncoding = 4; lastKnownFileType = sourcecode.c.h; path = SDWebImageOperation.h; sourceTree = "<group>"; };
		66D6C9D41B3DABF800A271B0 /* SDWebImagePrefetcher.h */ = {isa = PBXFileReference; fileEncoding = 4; lastKnownFileType = sourcecode.c.h; path = SDWebImagePrefetcher.h; sourceTree = "<group>"; };
		66D6C9D51B3DABF800A271B0 /* SDWebImagePrefetcher.m */ = {isa = PBXFileReference; fileEncoding = 4; lastKnownFileType = sourcecode.c.objc; path = SDWebImagePrefetcher.m; sourceTree = "<group>"; };
		66D6C9D61B3DABF800A271B0 /* UIButton+WebCache.h */ = {isa = PBXFileReference; fileEncoding = 4; lastKnownFileType = sourcecode.c.h; path = "UIButton+WebCache.h"; sourceTree = "<group>"; };
		66D6C9D71B3DABF800A271B0 /* UIButton+WebCache.m */ = {isa = PBXFileReference; fileEncoding = 4; lastKnownFileType = sourcecode.c.objc; path = "UIButton+WebCache.m"; sourceTree = "<group>"; };
		66D6C9D81B3DABF800A271B0 /* UIImage+GIF.h */ = {isa = PBXFileReference; fileEncoding = 4; lastKnownFileType = sourcecode.c.h; path = "UIImage+GIF.h"; sourceTree = "<group>"; };
		66D6C9D91B3DABF800A271B0 /* UIImage+GIF.m */ = {isa = PBXFileReference; fileEncoding = 4; lastKnownFileType = sourcecode.c.objc; path = "UIImage+GIF.m"; sourceTree = "<group>"; };
		66D6C9DA1B3DABF800A271B0 /* UIImage+MultiFormat.h */ = {isa = PBXFileReference; fileEncoding = 4; lastKnownFileType = sourcecode.c.h; path = "UIImage+MultiFormat.h"; sourceTree = "<group>"; };
		66D6C9DB1B3DABF800A271B0 /* UIImage+MultiFormat.m */ = {isa = PBXFileReference; fileEncoding = 4; lastKnownFileType = sourcecode.c.objc; path = "UIImage+MultiFormat.m"; sourceTree = "<group>"; };
		66D6C9DC1B3DABF800A271B0 /* UIImage+WebP.h */ = {isa = PBXFileReference; fileEncoding = 4; lastKnownFileType = sourcecode.c.h; path = "UIImage+WebP.h"; sourceTree = "<group>"; };
		66D6C9DD1B3DABF800A271B0 /* UIImage+WebP.m */ = {isa = PBXFileReference; fileEncoding = 4; lastKnownFileType = sourcecode.c.objc; path = "UIImage+WebP.m"; sourceTree = "<group>"; };
		66D6C9DE1B3DABF800A271B0 /* UIImageView+HighlightedWebCache.h */ = {isa = PBXFileReference; fileEncoding = 4; lastKnownFileType = sourcecode.c.h; path = "UIImageView+HighlightedWebCache.h"; sourceTree = "<group>"; };
		66D6C9DF1B3DABF800A271B0 /* UIImageView+HighlightedWebCache.m */ = {isa = PBXFileReference; fileEncoding = 4; lastKnownFileType = sourcecode.c.objc; path = "UIImageView+HighlightedWebCache.m"; sourceTree = "<group>"; };
		66D6C9E01B3DABF800A271B0 /* UIImageView+WebCache.h */ = {isa = PBXFileReference; fileEncoding = 4; lastKnownFileType = sourcecode.c.h; path = "UIImageView+WebCache.h"; sourceTree = "<group>"; };
		66D6C9E11B3DABF800A271B0 /* UIImageView+WebCache.m */ = {isa = PBXFileReference; fileEncoding = 4; lastKnownFileType = sourcecode.c.objc; path = "UIImageView+WebCache.m"; sourceTree = "<group>"; };
		66D6C9E21B3DABF800A271B0 /* UIView+WebCacheOperation.h */ = {isa = PBXFileReference; fileEncoding = 4; lastKnownFileType = sourcecode.c.h; path = "UIView+WebCacheOperation.h"; sourceTree = "<group>"; };
		66D6C9E31B3DABF800A271B0 /* UIView+WebCacheOperation.m */ = {isa = PBXFileReference; fileEncoding = 4; lastKnownFileType = sourcecode.c.objc; path = "UIView+WebCacheOperation.m"; sourceTree = "<group>"; };
		66D6C9F41B3DAC4700A271B0 /* LeaderboardViewController.swift */ = {isa = PBXFileReference; fileEncoding = 4; lastKnownFileType = sourcecode.swift; path = LeaderboardViewController.swift; sourceTree = "<group>"; };
		66D6C9F61B3DAC5300A271B0 /* ExpertViewController.swift */ = {isa = PBXFileReference; fileEncoding = 4; lastKnownFileType = sourcecode.swift; path = ExpertViewController.swift; sourceTree = "<group>"; };
		66D6C9F81B3DAC5F00A271B0 /* PoolViewController.swift */ = {isa = PBXFileReference; fileEncoding = 4; lastKnownFileType = sourcecode.swift; path = PoolViewController.swift; sourceTree = "<group>"; };
		66D6C9FA1B3DAC6E00A271B0 /* SportsViewController.swift */ = {isa = PBXFileReference; fileEncoding = 4; lastKnownFileType = sourcecode.swift; path = SportsViewController.swift; sourceTree = "<group>"; };
		66D6C9FC1B3DAC7C00A271B0 /* GamesViewController.swift */ = {isa = PBXFileReference; fileEncoding = 4; lastKnownFileType = sourcecode.swift; path = GamesViewController.swift; sourceTree = "<group>"; };
		66D6C9FE1B3DAC8800A271B0 /* MyPoolViewController.swift */ = {isa = PBXFileReference; fileEncoding = 4; lastKnownFileType = sourcecode.swift; path = MyPoolViewController.swift; sourceTree = "<group>"; };
		66D6CA001B3DAC8F00A271B0 /* PoolDetailViewController.swift */ = {isa = PBXFileReference; fileEncoding = 4; lastKnownFileType = sourcecode.swift; path = PoolDetailViewController.swift; sourceTree = "<group>"; };
		66D6CA021B3DAC9D00A271B0 /* BetSlipViewController.swift */ = {isa = PBXFileReference; fileEncoding = 4; lastKnownFileType = sourcecode.swift; path = BetSlipViewController.swift; sourceTree = "<group>"; };
		66D6CA041B3DACA700A271B0 /* MyPicksViewController.swift */ = {isa = PBXFileReference; fileEncoding = 4; lastKnownFileType = sourcecode.swift; path = MyPicksViewController.swift; sourceTree = "<group>"; };
		66D6CA061B3DACB200A271B0 /* PicksOfPlayerViewController.swift */ = {isa = PBXFileReference; fileEncoding = 4; lastKnownFileType = sourcecode.swift; path = PicksOfPlayerViewController.swift; sourceTree = "<group>"; };
		66D6CA081B3DB13A00A271B0 /* Utils.swift */ = {isa = PBXFileReference; fileEncoding = 4; lastKnownFileType = sourcecode.swift; path = Utils.swift; sourceTree = "<group>"; };
		66DA446F1B3D82C400CF24F7 /* GetDollarsViewController.swift */ = {isa = PBXFileReference; fileEncoding = 4; lastKnownFileType = sourcecode.swift; path = GetDollarsViewController.swift; sourceTree = "<group>"; };
		66DEAF3E1B42B8DB0079BBC9 /* SportListTableViewCell.swift */ = {isa = PBXFileReference; fileEncoding = 4; lastKnownFileType = sourcecode.swift; path = SportListTableViewCell.swift; sourceTree = "<group>"; };
		66DEAF471B42C5770079BBC9 /* LeaderboardTableViewCell.swift */ = {isa = PBXFileReference; fileEncoding = 4; lastKnownFileType = sourcecode.swift; path = LeaderboardTableViewCell.swift; sourceTree = "<group>"; };
		66DFA0021B5542BF008A8FAC /* FBSDKShareKit.framework */ = {isa = PBXFileReference; lastKnownFileType = wrapper.framework; name = FBSDKShareKit.framework; path = ../../Documents/FacebookSDK/FBSDKShareKit.framework; sourceTree = "<group>"; };
		66E089891BBF459E0077087B /* SVIndefiniteAnimatedView.h */ = {isa = PBXFileReference; fileEncoding = 4; lastKnownFileType = sourcecode.c.h; path = SVIndefiniteAnimatedView.h; sourceTree = "<group>"; };
		66E0898A1BBF459E0077087B /* SVIndefiniteAnimatedView.m */ = {isa = PBXFileReference; fileEncoding = 4; lastKnownFileType = sourcecode.c.objc; path = SVIndefiniteAnimatedView.m; sourceTree = "<group>"; };
		66E0898B1BBF459E0077087B /* SVProgressHUD-Prefix.pch */ = {isa = PBXFileReference; fileEncoding = 4; lastKnownFileType = sourcecode.c.h; path = "SVProgressHUD-Prefix.pch"; sourceTree = "<group>"; };
		66E0898C1BBF459E0077087B /* SVProgressHUD.bundle */ = {isa = PBXFileReference; lastKnownFileType = "wrapper.plug-in"; path = SVProgressHUD.bundle; sourceTree = "<group>"; };
		66E0898D1BBF459E0077087B /* SVProgressHUD.h */ = {isa = PBXFileReference; fileEncoding = 4; lastKnownFileType = sourcecode.c.h; path = SVProgressHUD.h; sourceTree = "<group>"; };
		66E0898E1BBF459E0077087B /* SVProgressHUD.m */ = {isa = PBXFileReference; fileEncoding = 4; lastKnownFileType = sourcecode.c.objc; path = SVProgressHUD.m; sourceTree = "<group>"; };
		66E0898F1BBF459E0077087B /* SVRadialGradientLayer.h */ = {isa = PBXFileReference; fileEncoding = 4; lastKnownFileType = sourcecode.c.h; path = SVRadialGradientLayer.h; sourceTree = "<group>"; };
		66E089901BBF459E0077087B /* SVRadialGradientLayer.m */ = {isa = PBXFileReference; fileEncoding = 4; lastKnownFileType = sourcecode.c.objc; path = SVRadialGradientLayer.m; sourceTree = "<group>"; };
		66FDB6F71B277FAD00D0B2F4 /* FBSDKCoreKit.framework */ = {isa = PBXFileReference; lastKnownFileType = wrapper.framework; name = FBSDKCoreKit.framework; path = ../../../Documents/FacebookSDK/FBSDKCoreKit.framework; sourceTree = "<group>"; };
		66FDB6F81B277FAD00D0B2F4 /* FBSDKLoginKit.framework */ = {isa = PBXFileReference; lastKnownFileType = wrapper.framework; name = FBSDKLoginKit.framework; path = ../../../Documents/FacebookSDK/FBSDKLoginKit.framework; sourceTree = "<group>"; };
		66FDB6FD1B27807900D0B2F4 /* ViewController.swift */ = {isa = PBXFileReference; fileEncoding = 4; lastKnownFileType = sourcecode.swift; path = ViewController.swift; sourceTree = "<group>"; };
		66FDB7021B2780CB00D0B2F4 /* BaseViewController.swift */ = {isa = PBXFileReference; fileEncoding = 4; lastKnownFileType = sourcecode.swift; path = BaseViewController.swift; sourceTree = "<group>"; };
		66FDB7041B2782DA00D0B2F4 /* Bolts.framework */ = {isa = PBXFileReference; lastKnownFileType = wrapper.framework; name = Bolts.framework; path = ../../../Documents/FacebookSDK/Bolts.framework; sourceTree = "<group>"; };
/* End PBXFileReference section */

/* Begin PBXFrameworksBuildPhase section */
		6603B5BB1B277E0D0014489A /* Frameworks */ = {
			isa = PBXFrameworksBuildPhase;
			buildActionMask = 2147483647;
			files = (
				66DFA0031B5542BF008A8FAC /* FBSDKShareKit.framework in Frameworks */,
				66FDB7051B2782DA00D0B2F4 /* Bolts.framework in Frameworks */,
				6674ED1E1B3DF3DC00206FC5 /* StoreKit.framework in Frameworks */,
				6674ED1B1B3DE7F800206FC5 /* Fabric.framework in Frameworks */,
				66FDB6F91B277FAD00D0B2F4 /* FBSDKCoreKit.framework in Frameworks */,
				66FDB6FA1B277FAD00D0B2F4 /* FBSDKLoginKit.framework in Frameworks */,
				6674ED1C1B3DE7F800206FC5 /* Crashlytics.framework in Frameworks */,
				666CF6971B2788B600AD4DF5 /* Alamofire.framework in Frameworks */,
			);
			runOnlyForDeploymentPostprocessing = 0;
		};
		6603B5D01B277E0D0014489A /* Frameworks */ = {
			isa = PBXFrameworksBuildPhase;
			buildActionMask = 2147483647;
			files = (
			);
			runOnlyForDeploymentPostprocessing = 0;
		};
/* End PBXFrameworksBuildPhase section */

/* Begin PBXGroup section */
		6603B5B51B277E0D0014489A = {
			isa = PBXGroup;
			children = (
				6603B5C01B277E0D0014489A /* wagerocity */,
				667B6B341B35851B00609C4B /* Frameworks */,
				6603B5D61B277E0D0014489A /* wagerocityTests */,
				6603B5BF1B277E0D0014489A /* Products */,
				666CF6881B27884D00AD4DF5 /* Alamofire.xcodeproj */,
				6674ED191B3DE7F800206FC5 /* Fabric.framework */,
				6674ED1A1B3DE7F800206FC5 /* Crashlytics.framework */,
			);
			sourceTree = "<group>";
		};
		6603B5BF1B277E0D0014489A /* Products */ = {
			isa = PBXGroup;
			children = (
				6603B5BE1B277E0D0014489A /* wagerocity.app */,
				6603B5D31B277E0D0014489A /* wagerocityTests.xctest */,
			);
			name = Products;
			sourceTree = "<group>";
		};
		6603B5C01B277E0D0014489A /* wagerocity */ = {
			isa = PBXGroup;
			children = (
				6603B5C31B277E0D0014489A /* AppDelegate.swift */,
				6674ED2F1B44A03B00206FC5 /* ServiceModel */,
				66FDB7011B27809100D0B2F4 /* controllers */,
				6603B5C71B277E0D0014489A /* Main.storyboard */,
				6603B5CA1B277E0D0014489A /* Images.xcassets */,
				6603B5CC1B277E0D0014489A /* LaunchScreen.xib */,
				66DEAF461B42C55F0079BBC9 /* Cell */,
				6674ED231B431FC400206FC5 /* Views */,
				664373401B3C8B5A00953458 /* Constants.swift */,
				66D6CA081B3DB13A00A271B0 /* Utils.swift */,
				66D6C9BB1B3D9F2F00A271B0 /* ThirdPartyLibs */,
				6603B5C11B277E0D0014489A /* Supporting Files */,
				666CF70F1B28C4A500AD4DF5 /* wagerocity-Bridging-Header.h */,
				6674ED601B47637200206FC5 /* doubleStringExtension.swift */,
			);
			path = wagerocity;
			sourceTree = "<group>";
		};
		6603B5C11B277E0D0014489A /* Supporting Files */ = {
			isa = PBXGroup;
			children = (
				6603B5C21B277E0D0014489A /* Info.plist */,
			);
			name = "Supporting Files";
			sourceTree = "<group>";
		};
		6603B5D61B277E0D0014489A /* wagerocityTests */ = {
			isa = PBXGroup;
			children = (
				6603B5D91B277E0D0014489A /* wagerocityTests.swift */,
				6603B5D71B277E0D0014489A /* Supporting Files */,
			);
			path = wagerocityTests;
			sourceTree = "<group>";
		};
		6603B5D71B277E0D0014489A /* Supporting Files */ = {
			isa = PBXGroup;
			children = (
				6603B5D81B277E0D0014489A /* Info.plist */,
			);
			name = "Supporting Files";
			sourceTree = "<group>";
		};
		666CF6891B27884D00AD4DF5 /* Products */ = {
			isa = PBXGroup;
			children = (
				666CF6901B27884E00AD4DF5 /* Alamofire.framework */,
				666CF6921B27884E00AD4DF5 /* Alamofire.framework */,
				666CF6941B27884E00AD4DF5 /* Alamofire iOS Tests.xctest */,
				666CF6961B27884E00AD4DF5 /* Alamofire OSX Tests.xctest */,
			);
			name = Products;
			sourceTree = "<group>";
		};
		6674ED231B431FC400206FC5 /* Views */ = {
			isa = PBXGroup;
			children = (
				667B6B2E1B357DAB00609C4B /* NavigationView */,
				667B6B331B357EB400609C4B /* StatsBarVIew */,
			);
			name = Views;
			sourceTree = "<group>";
		};
		6674ED2D1B44A02900206FC5 /* Pick */ = {
			isa = PBXGroup;
			children = (
				6674ED2A1B44A02100206FC5 /* Pick.h */,
				6674ED2B1B44A02100206FC5 /* Pick.m */,
			);
			name = Pick;
			sourceTree = "<group>";
		};
		6674ED2E1B44A03000206FC5 /* Models */ = {
			isa = PBXGroup;
			children = (
				6674ED571B47225100206FC5 /* Odd */,
				6674ED531B47103100206FC5 /* Game */,
				6674ED331B44A0C300206FC5 /* OddInfo */,
				6674ED2D1B44A02900206FC5 /* Pick */,
				66D6C9AA1B3D9CB800A271B0 /* User */,
				668ECCCF1B49C63100043813 /* Pool */,
				6674ED5B1B472FE900206FC5 /* OddHolder.swift */,
			);
			name = Models;
			sourceTree = "<group>";
		};
		6674ED2F1B44A03B00206FC5 /* ServiceModel */ = {
			isa = PBXGroup;
			children = (
				6674ED2E1B44A03000206FC5 /* Models */,
				6674ED261B4325FE00206FC5 /* ServiceModel.swift */,
			);
			name = ServiceModel;
			sourceTree = "<group>";
		};
		6674ED331B44A0C300206FC5 /* OddInfo */ = {
			isa = PBXGroup;
			children = (
				6674ED301B44A0BE00206FC5 /* OddInfo.h */,
				6674ED311B44A0BE00206FC5 /* OddInfo.m */,
			);
			name = OddInfo;
			sourceTree = "<group>";
		};
		6674ED381B45C75E00206FC5 /* DateTools */ = {
			isa = PBXGroup;
			children = (
				6674ED391B45C75E00206FC5 /* DateTools.bundle */,
				6674ED3A1B45C75E00206FC5 /* DateTools.h */,
				6674ED3B1B45C75E00206FC5 /* DTConstants.h */,
				6674ED3C1B45C75E00206FC5 /* DTError.h */,
				6674ED3D1B45C75E00206FC5 /* DTError.m */,
				6674ED3E1B45C75E00206FC5 /* DTTimePeriod.h */,
				6674ED3F1B45C75E00206FC5 /* DTTimePeriod.m */,
				6674ED401B45C75E00206FC5 /* DTTimePeriodChain.h */,
				6674ED411B45C75E00206FC5 /* DTTimePeriodChain.m */,
				6674ED421B45C75E00206FC5 /* DTTimePeriodCollection.h */,
				6674ED431B45C75E00206FC5 /* DTTimePeriodCollection.m */,
				6674ED441B45C75E00206FC5 /* DTTimePeriodGroup.h */,
				6674ED451B45C75E00206FC5 /* DTTimePeriodGroup.m */,
				6674ED461B45C75E00206FC5 /* NSDate+DateTools.h */,
				6674ED471B45C75E00206FC5 /* NSDate+DateTools.m */,
			);
			path = DateTools;
			sourceTree = "<group>";
		};
		6674ED531B47103100206FC5 /* Game */ = {
			isa = PBXGroup;
			children = (
				6674ED541B47103100206FC5 /* Game.h */,
				6674ED551B47103100206FC5 /* Game.m */,
			);
			path = Game;
			sourceTree = "<group>";
		};
		6674ED571B47225100206FC5 /* Odd */ = {
			isa = PBXGroup;
			children = (
				6674ED581B47225100206FC5 /* Odd.h */,
				6674ED591B47225100206FC5 /* Odd.m */,
			);
			path = Odd;
			sourceTree = "<group>";
		};
		6679AD311B487DCA001350D0 /* DAKeyboardControl */ = {
			isa = PBXGroup;
			children = (
				6679AD321B487DCA001350D0 /* DAKeyboardControl.h */,
				6679AD331B487DCA001350D0 /* DAKeyboardControl.m */,
			);
			path = DAKeyboardControl;
			sourceTree = "<group>";
		};
		667B6B2E1B357DAB00609C4B /* NavigationView */ = {
			isa = PBXGroup;
			children = (
				666CF71D1B28DCB100AD4DF5 /* NavigationBar.swift */,
			);
			name = NavigationView;
			sourceTree = "<group>";
		};
		667B6B331B357EB400609C4B /* StatsBarVIew */ = {
			isa = PBXGroup;
			children = (
				667B6B2F1B357DDE00609C4B /* StatsBarView.swift */,
				667B6B311B357DEF00609C4B /* StatsBarView.xib */,
			);
			name = StatsBarVIew;
			sourceTree = "<group>";
		};
		667B6B341B35851B00609C4B /* Frameworks */ = {
			isa = PBXGroup;
			children = (
				66DFA0021B5542BF008A8FAC /* FBSDKShareKit.framework */,
				6674ED1D1B3DF3DC00206FC5 /* StoreKit.framework */,
				66FDB7041B2782DA00D0B2F4 /* Bolts.framework */,
				66FDB6F71B277FAD00D0B2F4 /* FBSDKCoreKit.framework */,
				66FDB6F81B277FAD00D0B2F4 /* FBSDKLoginKit.framework */,
			);
			name = Frameworks;
			sourceTree = "<group>";
		};
		668ECCB61B49A37700043813 /* MKStoreKit */ = {
			isa = PBXGroup;
			children = (
				668ECCB71B49A37700043813 /* External */,
				668ECCBC1B49A37700043813 /* MKSKProduct.h */,
				668ECCBD1B49A37700043813 /* MKSKProduct.m */,
				668ECCBE1B49A37700043813 /* MKSKSubscriptionProduct.h */,
				668ECCBF1B49A37700043813 /* MKSKSubscriptionProduct.m */,
				668ECCC01B49A37700043813 /* MKStoreKitConfigs.h */,
				668ECCC11B49A37700043813 /* MKStoreKitConfigs.plist */,
				668ECCC21B49A37700043813 /* MKStoreManager.h */,
				668ECCC31B49A37700043813 /* MKStoreManager.m */,
				668ECCC41B49A37700043813 /* README.mdown */,
				668ECCC51B49A37700043813 /* VerificationController.h */,
				668ECCC61B49A37700043813 /* VerificationController.m */,
			);
			path = MKStoreKit;
			sourceTree = "<group>";
		};
		668ECCB71B49A37700043813 /* External */ = {
			isa = PBXGroup;
			children = (
				668ECCB81B49A37700043813 /* NSData+MKBase64.h */,
				668ECCB91B49A37700043813 /* NSData+MKBase64.m */,
				668ECCBA1B49A37700043813 /* SFHFKeychainUtils.h */,
				668ECCBB1B49A37700043813 /* SFHFKeychainUtils.m */,
			);
			path = External;
			sourceTree = "<group>";
		};
		668ECCCF1B49C63100043813 /* Pool */ = {
			isa = PBXGroup;
			children = (
				668ECCD01B49C63100043813 /* Commisioner.h */,
				668ECCD11B49C63100043813 /* Commisioner.m */,
				668ECCD21B49C63100043813 /* Pool.h */,
				668ECCD31B49C63100043813 /* Pool.m */,
				668ECCD41B49C63100043813 /* PoolMembers.h */,
				668ECCD51B49C63100043813 /* PoolMembers.m */,
			);
			path = Pool;
			sourceTree = "<group>";
		};
		66A7DA481B98ED090009FC27 /* ActionSheetPickers */ = {
			isa = PBXGroup;
			children = (
				66A7DA491B98ED090009FC27 /* AbstractActionSheetPicker.h */,
				66A7DA4A1B98ED090009FC27 /* AbstractActionSheetPicker.m */,
				66A7DA4B1B98ED090009FC27 /* ActionSheetCustomPicker.h */,
				66A7DA4C1B98ED090009FC27 /* ActionSheetCustomPicker.m */,
				66A7DA4D1B98ED090009FC27 /* ActionSheetCustomPickerDelegate.h */,
				66A7DA4E1B98ED090009FC27 /* ActionSheetDatePicker.h */,
				66A7DA4F1B98ED090009FC27 /* ActionSheetDatePicker.m */,
				66A7DA501B98ED090009FC27 /* ActionSheetDistancePicker.h */,
				66A7DA511B98ED090009FC27 /* ActionSheetDistancePicker.m */,
				66A7DA521B98ED090009FC27 /* ActionSheetLocalePicker.h */,
				66A7DA531B98ED090009FC27 /* ActionSheetLocalePicker.m */,
				66A7DA541B98ED090009FC27 /* ActionSheetStringPicker.h */,
				66A7DA551B98ED090009FC27 /* ActionSheetStringPicker.m */,
				66A7DA561B98ED090009FC27 /* DistancePickerView.h */,
				66A7DA571B98ED090009FC27 /* DistancePickerView.m */,
				66A7DA581B98ED090009FC27 /* SWActionSheet.h */,
				66A7DA591B98ED090009FC27 /* SWActionSheet.m */,
			);
			path = ActionSheetPickers;
			sourceTree = "<group>";
		};
		66D6C9AA1B3D9CB800A271B0 /* User */ = {
			isa = PBXGroup;
			children = (
				666CF7101B28C4A600AD4DF5 /* User.h */,
				666CF7111B28C4A600AD4DF5 /* User.m */,
			);
			name = User;
			sourceTree = "<group>";
		};
		66D6C9BB1B3D9F2F00A271B0 /* ThirdPartyLibs */ = {
			isa = PBXGroup;
			children = (
				66E089881BBF459E0077087B /* SVProgressHUD */,
				66A7DA481B98ED090009FC27 /* ActionSheetPickers */,
				668ECCB61B49A37700043813 /* MKStoreKit */,
				6679AD311B487DCA001350D0 /* DAKeyboardControl */,
				6674ED381B45C75E00206FC5 /* DateTools */,
				66D6C9C21B3DABF800A271B0 /* SDWebImage */,
			);
			name = ThirdPartyLibs;
			sourceTree = "<group>";
		};
		66D6C9C21B3DABF800A271B0 /* SDWebImage */ = {
			isa = PBXGroup;
			children = (
				66D6C9C31B3DABF800A271B0 /* MKAnnotationView+WebCache.h */,
				66D6C9C41B3DABF800A271B0 /* MKAnnotationView+WebCache.m */,
				66D6C9C51B3DABF800A271B0 /* NSData+ImageContentType.h */,
				66D6C9C61B3DABF800A271B0 /* NSData+ImageContentType.m */,
				66D6C9C71B3DABF800A271B0 /* SDImageCache.h */,
				66D6C9C81B3DABF800A271B0 /* SDImageCache.m */,
				66D6C9C91B3DABF800A271B0 /* SDWebImageCompat.h */,
				66D6C9CA1B3DABF800A271B0 /* SDWebImageCompat.m */,
				66D6C9CB1B3DABF800A271B0 /* SDWebImageDecoder.h */,
				66D6C9CC1B3DABF800A271B0 /* SDWebImageDecoder.m */,
				66D6C9CD1B3DABF800A271B0 /* SDWebImageDownloader.h */,
				66D6C9CE1B3DABF800A271B0 /* SDWebImageDownloader.m */,
				66D6C9CF1B3DABF800A271B0 /* SDWebImageDownloaderOperation.h */,
				66D6C9D01B3DABF800A271B0 /* SDWebImageDownloaderOperation.m */,
				66D6C9D11B3DABF800A271B0 /* SDWebImageManager.h */,
				66D6C9D21B3DABF800A271B0 /* SDWebImageManager.m */,
				66D6C9D31B3DABF800A271B0 /* SDWebImageOperation.h */,
				66D6C9D41B3DABF800A271B0 /* SDWebImagePrefetcher.h */,
				66D6C9D51B3DABF800A271B0 /* SDWebImagePrefetcher.m */,
				66D6C9D61B3DABF800A271B0 /* UIButton+WebCache.h */,
				66D6C9D71B3DABF800A271B0 /* UIButton+WebCache.m */,
				66D6C9D81B3DABF800A271B0 /* UIImage+GIF.h */,
				66D6C9D91B3DABF800A271B0 /* UIImage+GIF.m */,
				66D6C9DA1B3DABF800A271B0 /* UIImage+MultiFormat.h */,
				66D6C9DB1B3DABF800A271B0 /* UIImage+MultiFormat.m */,
				66D6C9DC1B3DABF800A271B0 /* UIImage+WebP.h */,
				66D6C9DD1B3DABF800A271B0 /* UIImage+WebP.m */,
				66D6C9DE1B3DABF800A271B0 /* UIImageView+HighlightedWebCache.h */,
				66D6C9DF1B3DABF800A271B0 /* UIImageView+HighlightedWebCache.m */,
				66D6C9E01B3DABF800A271B0 /* UIImageView+WebCache.h */,
				66D6C9E11B3DABF800A271B0 /* UIImageView+WebCache.m */,
				66D6C9E21B3DABF800A271B0 /* UIView+WebCacheOperation.h */,
				66D6C9E31B3DABF800A271B0 /* UIView+WebCacheOperation.m */,
			);
			path = SDWebImage;
			sourceTree = "<group>";
		};
		66DEAF461B42C55F0079BBC9 /* Cell */ = {
			isa = PBXGroup;
			children = (
				66DEAF3E1B42B8DB0079BBC9 /* SportListTableViewCell.swift */,
				66DEAF471B42C5770079BBC9 /* LeaderboardTableViewCell.swift */,
				6674ED241B431FE300206FC5 /* PickOfPlayerTableViewCell.swift */,
				6674ED281B44768100206FC5 /* ExpertTableViewCell.swift */,
				6674ED341B44A30E00206FC5 /* MyPickTableViewCell.swift */,
				6674ED4F1B4707DE00206FC5 /* GameTableViewCell.swift */,
				6674ED5D1B474F0600206FC5 /* BetSlipTableViewCell.swift */,
			);
			name = Cell;
			sourceTree = "<group>";
		};
		66E089881BBF459E0077087B /* SVProgressHUD */ = {
			isa = PBXGroup;
			children = (
				66E089891BBF459E0077087B /* SVIndefiniteAnimatedView.h */,
				66E0898A1BBF459E0077087B /* SVIndefiniteAnimatedView.m */,
				66E0898B1BBF459E0077087B /* SVProgressHUD-Prefix.pch */,
				66E0898C1BBF459E0077087B /* SVProgressHUD.bundle */,
				66E0898D1BBF459E0077087B /* SVProgressHUD.h */,
				66E0898E1BBF459E0077087B /* SVProgressHUD.m */,
				66E0898F1BBF459E0077087B /* SVRadialGradientLayer.h */,
				66E089901BBF459E0077087B /* SVRadialGradientLayer.m */,
			);
			path = SVProgressHUD;
			sourceTree = "<group>";
		};
		66FDB7011B27809100D0B2F4 /* controllers */ = {
			isa = PBXGroup;
			children = (
				66FDB6FD1B27807900D0B2F4 /* ViewController.swift */,
				66FDB7021B2780CB00D0B2F4 /* BaseViewController.swift */,
				66DA446F1B3D82C400CF24F7 /* GetDollarsViewController.swift */,
				666CF7151B28CCDD00AD4DF5 /* DashboardViewController.swift */,
				66D6C9FA1B3DAC6E00A271B0 /* SportsViewController.swift */,
				66D6C9F41B3DAC4700A271B0 /* LeaderboardViewController.swift */,
				66D6C9F61B3DAC5300A271B0 /* ExpertViewController.swift */,
				66D6C9F81B3DAC5F00A271B0 /* PoolViewController.swift */,
				66D6C9FC1B3DAC7C00A271B0 /* GamesViewController.swift */,
				66D6C9FE1B3DAC8800A271B0 /* MyPoolViewController.swift */,
				66D6CA001B3DAC8F00A271B0 /* PoolDetailViewController.swift */,
				66D6CA021B3DAC9D00A271B0 /* BetSlipViewController.swift */,
				66D6CA041B3DACA700A271B0 /* MyPicksViewController.swift */,
				66D6CA061B3DACB200A271B0 /* PicksOfPlayerViewController.swift */,
				668ECCD91B49CE4800043813 /* PoolLeaderboardViewController.swift */,
				66452B8C1B50354B0087C9E9 /* SettingViewController.swift */,
				66A7DA431B98E7BD0009FC27 /* CreatePoolViewController.swift */,
			);
			name = controllers;
			sourceTree = "<group>";
		};
/* End PBXGroup section */

/* Begin PBXNativeTarget section */
		6603B5BD1B277E0D0014489A /* wagerocity */ = {
			isa = PBXNativeTarget;
			buildConfigurationList = 6603B5DD1B277E0D0014489A /* Build configuration list for PBXNativeTarget "wagerocity" */;
			buildPhases = (
				6603B5BA1B277E0D0014489A /* Sources */,
				6603B5BB1B277E0D0014489A /* Frameworks */,
				6603B5BC1B277E0D0014489A /* Resources */,
				666CF69B1B2788B600AD4DF5 /* Embed Frameworks */,
				6674ED181B3DE7AF00206FC5 /* ShellScript */,
			);
			buildRules = (
			);
			dependencies = (
				666CF69A1B2788B600AD4DF5 /* PBXTargetDependency */,
			);
			name = wagerocity;
			productName = wagerocity;
			productReference = 6603B5BE1B277E0D0014489A /* wagerocity.app */;
			productType = "com.apple.product-type.application";
		};
		6603B5D21B277E0D0014489A /* wagerocityTests */ = {
			isa = PBXNativeTarget;
			buildConfigurationList = 6603B5E01B277E0D0014489A /* Build configuration list for PBXNativeTarget "wagerocityTests" */;
			buildPhases = (
				6603B5CF1B277E0D0014489A /* Sources */,
				6603B5D01B277E0D0014489A /* Frameworks */,
				6603B5D11B277E0D0014489A /* Resources */,
			);
			buildRules = (
			);
			dependencies = (
				6603B5D51B277E0D0014489A /* PBXTargetDependency */,
			);
			name = wagerocityTests;
			productName = wagerocityTests;
			productReference = 6603B5D31B277E0D0014489A /* wagerocityTests.xctest */;
			productType = "com.apple.product-type.bundle.unit-test";
		};
/* End PBXNativeTarget section */

/* Begin PBXProject section */
		6603B5B61B277E0D0014489A /* Project object */ = {
			isa = PBXProject;
			attributes = {
				LastUpgradeCheck = 0630;
				ORGANIZATIONNAME = Plego;
				TargetAttributes = {
					6603B5BD1B277E0D0014489A = {
						CreatedOnToolsVersion = 6.3.2;
						DevelopmentTeam = 75975U3UB4;
						SystemCapabilities = {
							com.apple.InAppPurchase = {
								enabled = 1;
							};
						};
					};
					6603B5D21B277E0D0014489A = {
						CreatedOnToolsVersion = 6.3.2;
						TestTargetID = 6603B5BD1B277E0D0014489A;
					};
				};
			};
			buildConfigurationList = 6603B5B91B277E0D0014489A /* Build configuration list for PBXProject "wagerocity" */;
			compatibilityVersion = "Xcode 3.2";
			developmentRegion = English;
			hasScannedForEncodings = 0;
			knownRegions = (
				en,
				Base,
			);
			mainGroup = 6603B5B51B277E0D0014489A;
			productRefGroup = 6603B5BF1B277E0D0014489A /* Products */;
			projectDirPath = "";
			projectReferences = (
				{
					ProductGroup = 666CF6891B27884D00AD4DF5 /* Products */;
					ProjectRef = 666CF6881B27884D00AD4DF5 /* Alamofire.xcodeproj */;
				},
			);
			projectRoot = "";
			targets = (
				6603B5BD1B277E0D0014489A /* wagerocity */,
				6603B5D21B277E0D0014489A /* wagerocityTests */,
			);
		};
/* End PBXProject section */

/* Begin PBXReferenceProxy section */
		666CF6901B27884E00AD4DF5 /* Alamofire.framework */ = {
			isa = PBXReferenceProxy;
			fileType = wrapper.framework;
			path = Alamofire.framework;
			remoteRef = 666CF68F1B27884E00AD4DF5 /* PBXContainerItemProxy */;
			sourceTree = BUILT_PRODUCTS_DIR;
		};
		666CF6921B27884E00AD4DF5 /* Alamofire.framework */ = {
			isa = PBXReferenceProxy;
			fileType = wrapper.framework;
			path = Alamofire.framework;
			remoteRef = 666CF6911B27884E00AD4DF5 /* PBXContainerItemProxy */;
			sourceTree = BUILT_PRODUCTS_DIR;
		};
		666CF6941B27884E00AD4DF5 /* Alamofire iOS Tests.xctest */ = {
			isa = PBXReferenceProxy;
			fileType = wrapper.cfbundle;
			path = "Alamofire iOS Tests.xctest";
			remoteRef = 666CF6931B27884E00AD4DF5 /* PBXContainerItemProxy */;
			sourceTree = BUILT_PRODUCTS_DIR;
		};
		666CF6961B27884E00AD4DF5 /* Alamofire OSX Tests.xctest */ = {
			isa = PBXReferenceProxy;
			fileType = wrapper.cfbundle;
			path = "Alamofire OSX Tests.xctest";
			remoteRef = 666CF6951B27884E00AD4DF5 /* PBXContainerItemProxy */;
			sourceTree = BUILT_PRODUCTS_DIR;
		};
/* End PBXReferenceProxy section */

/* Begin PBXResourcesBuildPhase section */
		6603B5BC1B277E0D0014489A /* Resources */ = {
			isa = PBXResourcesBuildPhase;
			buildActionMask = 2147483647;
			files = (
				66E089921BBF459E0077087B /* SVProgressHUD.bundle in Resources */,
				668ECCCB1B49A37700043813 /* MKStoreKitConfigs.plist in Resources */,
				667B6B321B357DEF00609C4B /* StatsBarView.xib in Resources */,
				6603B5C91B277E0D0014489A /* Main.storyboard in Resources */,
				6603B5CE1B277E0D0014489A /* LaunchScreen.xib in Resources */,
				6603B5CB1B277E0D0014489A /* Images.xcassets in Resources */,
				6674ED481B45C75E00206FC5 /* DateTools.bundle in Resources */,
			);
			runOnlyForDeploymentPostprocessing = 0;
		};
		6603B5D11B277E0D0014489A /* Resources */ = {
			isa = PBXResourcesBuildPhase;
			buildActionMask = 2147483647;
			files = (
			);
			runOnlyForDeploymentPostprocessing = 0;
		};
/* End PBXResourcesBuildPhase section */

/* Begin PBXShellScriptBuildPhase section */
		6674ED181B3DE7AF00206FC5 /* ShellScript */ = {
			isa = PBXShellScriptBuildPhase;
			buildActionMask = 2147483647;
			files = (
			);
			inputPaths = (
			);
			outputPaths = (
			);
			runOnlyForDeploymentPostprocessing = 0;
			shellPath = /bin/sh;
			shellScript = "./Fabric.framework/run df016c3ad1ee1793d79feddd950c3b34795c9d9f ac8080d4ebbc66396c2e44d01ee0657b0826c30df3d56945a278deeb35f9eef8\n";
		};
/* End PBXShellScriptBuildPhase section */

/* Begin PBXSourcesBuildPhase section */
		6603B5BA1B277E0D0014489A /* Sources */ = {
			isa = PBXSourcesBuildPhase;
			buildActionMask = 2147483647;
			files = (
				66D6C9FD1B3DAC7C00A271B0 /* GamesViewController.swift in Sources */,
				66DEAF481B42C5770079BBC9 /* LeaderboardTableViewCell.swift in Sources */,
				668ECCD71B49C63100043813 /* Pool.m in Sources */,
				66D6C9EE1B3DABF800A271B0 /* UIImage+GIF.m in Sources */,
				6674ED4A1B45C75E00206FC5 /* DTTimePeriod.m in Sources */,
				66A7DA5B1B98ED090009FC27 /* ActionSheetCustomPicker.m in Sources */,
				66452B8D1B50354B0087C9E9 /* SettingViewController.swift in Sources */,
				666CF7121B28C4A600AD4DF5 /* User.m in Sources */,
				66D6C9EC1B3DABF800A271B0 /* SDWebImagePrefetcher.m in Sources */,
				6674ED321B44A0BE00206FC5 /* OddInfo.m in Sources */,
				66FDB6FE1B27807900D0B2F4 /* ViewController.swift in Sources */,
				667B6B301B357DDE00609C4B /* StatsBarView.swift in Sources */,
				668ECCCE1B49A37700043813 /* VerificationController.m in Sources */,
				6674ED561B47103100206FC5 /* Game.m in Sources */,
				6674ED251B431FE300206FC5 /* PickOfPlayerTableViewCell.swift in Sources */,
				66D6C9E51B3DABF800A271B0 /* NSData+ImageContentType.m in Sources */,
				66D6CA011B3DAC8F00A271B0 /* PoolDetailViewController.swift in Sources */,
				668ECCCD1B49A37700043813 /* README.mdown in Sources */,
				668ECCD61B49C63100043813 /* Commisioner.m in Sources */,
				668ECCCC1B49A37700043813 /* MKStoreManager.m in Sources */,
				666CF7161B28CCDD00AD4DF5 /* DashboardViewController.swift in Sources */,
				66D6C9F71B3DAC5300A271B0 /* ExpertViewController.swift in Sources */,
				6603B5C41B277E0D0014489A /* AppDelegate.swift in Sources */,
				66D6C9ED1B3DABF800A271B0 /* UIButton+WebCache.m in Sources */,
				66D6C9FB1B3DAC6E00A271B0 /* SportsViewController.swift in Sources */,
				6674ED4C1B45C75E00206FC5 /* DTTimePeriodCollection.m in Sources */,
				66D6C9F91B3DAC5F00A271B0 /* PoolViewController.swift in Sources */,
				66A7DA5C1B98ED090009FC27 /* ActionSheetDatePicker.m in Sources */,
				6674ED4B1B45C75E00206FC5 /* DTTimePeriodChain.m in Sources */,
				6674ED611B47637200206FC5 /* doubleStringExtension.swift in Sources */,
				66D6C9EA1B3DABF800A271B0 /* SDWebImageDownloaderOperation.m in Sources */,
				6674ED5E1B474F0600206FC5 /* BetSlipTableViewCell.swift in Sources */,
				668ECCD81B49C63100043813 /* PoolMembers.m in Sources */,
				668ECCDA1B49CE4800043813 /* PoolLeaderboardViewController.swift in Sources */,
				66D6C9E41B3DABF800A271B0 /* MKAnnotationView+WebCache.m in Sources */,
				6674ED4E1B45C75E00206FC5 /* NSDate+DateTools.m in Sources */,
				66A7DA611B98ED090009FC27 /* SWActionSheet.m in Sources */,
				668ECCCA1B49A37700043813 /* MKSKSubscriptionProduct.m in Sources */,
				66D6C9FF1B3DAC8800A271B0 /* MyPoolViewController.swift in Sources */,
				66D6CA091B3DB13A00A271B0 /* Utils.swift in Sources */,
				66D6CA051B3DACA700A271B0 /* MyPicksViewController.swift in Sources */,
				6674ED351B44A30E00206FC5 /* MyPickTableViewCell.swift in Sources */,
				6674ED5A1B47225100206FC5 /* Odd.m in Sources */,
				66D6C9E71B3DABF800A271B0 /* SDWebImageCompat.m in Sources */,
				6674ED291B44768100206FC5 /* ExpertTableViewCell.swift in Sources */,
				66FDB7031B2780CB00D0B2F4 /* BaseViewController.swift in Sources */,
				66E089941BBF459E0077087B /* SVRadialGradientLayer.m in Sources */,
				66D6C9EF1B3DABF800A271B0 /* UIImage+MultiFormat.m in Sources */,
				66D6C9F51B3DAC4700A271B0 /* LeaderboardViewController.swift in Sources */,
				6674ED271B4325FE00206FC5 /* ServiceModel.swift in Sources */,
				66D6CA031B3DAC9D00A271B0 /* BetSlipViewController.swift in Sources */,
				668ECCC81B49A37700043813 /* SFHFKeychainUtils.m in Sources */,
				6674ED2C1B44A02100206FC5 /* Pick.m in Sources */,
				6674ED4D1B45C75E00206FC5 /* DTTimePeriodGroup.m in Sources */,
				66D6C9F21B3DABF800A271B0 /* UIImageView+WebCache.m in Sources */,
				66E089911BBF459E0077087B /* SVIndefiniteAnimatedView.m in Sources */,
				6674ED5C1B472FE900206FC5 /* OddHolder.swift in Sources */,
				6674ED501B4707DE00206FC5 /* GameTableViewCell.swift in Sources */,
				66E089931BBF459E0077087B /* SVProgressHUD.m in Sources */,
				66DEAF401B42B8DB0079BBC9 /* SportListTableViewCell.swift in Sources */,
				6679AD341B487DCA001350D0 /* DAKeyboardControl.m in Sources */,
				668ECCC91B49A37700043813 /* MKSKProduct.m in Sources */,
				6674ED491B45C75E00206FC5 /* DTError.m in Sources */,
				66D6C9F31B3DABF800A271B0 /* UIView+WebCacheOperation.m in Sources */,
				666CF71E1B28DCB100AD4DF5 /* NavigationBar.swift in Sources */,
				66A7DA5E1B98ED090009FC27 /* ActionSheetLocalePicker.m in Sources */,
				664373411B3C8B5A00953458 /* Constants.swift in Sources */,
				66D6C9E91B3DABF800A271B0 /* SDWebImageDownloader.m in Sources */,
				66A7DA5D1B98ED090009FC27 /* ActionSheetDistancePicker.m in Sources */,
				66D6C9F11B3DABF800A271B0 /* UIImageView+HighlightedWebCache.m in Sources */,
				66D6CA071B3DACB200A271B0 /* PicksOfPlayerViewController.swift in Sources */,
				66A7DA5F1B98ED090009FC27 /* ActionSheetStringPicker.m in Sources */,
				66A7DA5A1B98ED090009FC27 /* AbstractActionSheetPicker.m in Sources */,
				66A7DA601B98ED090009FC27 /* DistancePickerView.m in Sources */,
				66D6C9E81B3DABF800A271B0 /* SDWebImageDecoder.m in Sources */,
				66D6C9F01B3DABF800A271B0 /* UIImage+WebP.m in Sources */,
				66D6C9EB1B3DABF800A271B0 /* SDWebImageManager.m in Sources */,
				668ECCC71B49A37700043813 /* NSData+MKBase64.m in Sources */,
				66DA44701B3D82C400CF24F7 /* GetDollarsViewController.swift in Sources */,
				66A7DA441B98E7BD0009FC27 /* CreatePoolViewController.swift in Sources */,
				66D6C9E61B3DABF800A271B0 /* SDImageCache.m in Sources */,
			);
			runOnlyForDeploymentPostprocessing = 0;
		};
		6603B5CF1B277E0D0014489A /* Sources */ = {
			isa = PBXSourcesBuildPhase;
			buildActionMask = 2147483647;
			files = (
				6603B5DA1B277E0D0014489A /* wagerocityTests.swift in Sources */,
			);
			runOnlyForDeploymentPostprocessing = 0;
		};
/* End PBXSourcesBuildPhase section */

/* Begin PBXTargetDependency section */
		6603B5D51B277E0D0014489A /* PBXTargetDependency */ = {
			isa = PBXTargetDependency;
			target = 6603B5BD1B277E0D0014489A /* wagerocity */;
			targetProxy = 6603B5D41B277E0D0014489A /* PBXContainerItemProxy */;
		};
		666CF69A1B2788B600AD4DF5 /* PBXTargetDependency */ = {
			isa = PBXTargetDependency;
			name = "Alamofire iOS";
			targetProxy = 666CF6991B2788B600AD4DF5 /* PBXContainerItemProxy */;
		};
/* End PBXTargetDependency section */

/* Begin PBXVariantGroup section */
		6603B5C71B277E0D0014489A /* Main.storyboard */ = {
			isa = PBXVariantGroup;
			children = (
				6603B5C81B277E0D0014489A /* Base */,
			);
			name = Main.storyboard;
			sourceTree = "<group>";
		};
		6603B5CC1B277E0D0014489A /* LaunchScreen.xib */ = {
			isa = PBXVariantGroup;
			children = (
				6603B5CD1B277E0D0014489A /* Base */,
			);
			name = LaunchScreen.xib;
			sourceTree = "<group>";
		};
/* End PBXVariantGroup section */

/* Begin XCBuildConfiguration section */
		6603B5DB1B277E0D0014489A /* Debug */ = {
			isa = XCBuildConfiguration;
			buildSettings = {
				ALWAYS_SEARCH_USER_PATHS = NO;
				CLANG_CXX_LANGUAGE_STANDARD = "gnu++0x";
				CLANG_CXX_LIBRARY = "libc++";
				CLANG_ENABLE_MODULES = YES;
				CLANG_ENABLE_OBJC_ARC = YES;
				CLANG_WARN_BOOL_CONVERSION = YES;
				CLANG_WARN_CONSTANT_CONVERSION = YES;
				CLANG_WARN_DIRECT_OBJC_ISA_USAGE = YES_ERROR;
				CLANG_WARN_EMPTY_BODY = YES;
				CLANG_WARN_ENUM_CONVERSION = YES;
				CLANG_WARN_INT_CONVERSION = YES;
				CLANG_WARN_OBJC_ROOT_CLASS = YES_ERROR;
				CLANG_WARN_UNREACHABLE_CODE = YES;
				CLANG_WARN__DUPLICATE_METHOD_MATCH = YES;
				"CODE_SIGN_IDENTITY[sdk=iphoneos*]" = "iPhone Developer";
				COPY_PHASE_STRIP = NO;
				DEBUG_INFORMATION_FORMAT = "dwarf-with-dsym";
				ENABLE_STRICT_OBJC_MSGSEND = YES;
				GCC_C_LANGUAGE_STANDARD = gnu99;
				GCC_DYNAMIC_NO_PIC = NO;
				GCC_NO_COMMON_BLOCKS = YES;
				GCC_OPTIMIZATION_LEVEL = 0;
				GCC_PREPROCESSOR_DEFINITIONS = (
					"DEBUG=1",
					"$(inherited)",
				);
				GCC_SYMBOLS_PRIVATE_EXTERN = NO;
				GCC_WARN_64_TO_32_BIT_CONVERSION = YES;
				GCC_WARN_ABOUT_RETURN_TYPE = YES_ERROR;
				GCC_WARN_UNDECLARED_SELECTOR = YES;
				GCC_WARN_UNINITIALIZED_AUTOS = YES_AGGRESSIVE;
				GCC_WARN_UNUSED_FUNCTION = YES;
				GCC_WARN_UNUSED_VARIABLE = YES;
				IPHONEOS_DEPLOYMENT_TARGET = 8.3;
				MTL_ENABLE_DEBUG_INFO = YES;
				ONLY_ACTIVE_ARCH = YES;
				SDKROOT = iphoneos;
				SWIFT_OPTIMIZATION_LEVEL = "-Onone";
			};
			name = Debug;
		};
		6603B5DC1B277E0D0014489A /* Release */ = {
			isa = XCBuildConfiguration;
			buildSettings = {
				ALWAYS_SEARCH_USER_PATHS = NO;
				CLANG_CXX_LANGUAGE_STANDARD = "gnu++0x";
				CLANG_CXX_LIBRARY = "libc++";
				CLANG_ENABLE_MODULES = YES;
				CLANG_ENABLE_OBJC_ARC = YES;
				CLANG_WARN_BOOL_CONVERSION = YES;
				CLANG_WARN_CONSTANT_CONVERSION = YES;
				CLANG_WARN_DIRECT_OBJC_ISA_USAGE = YES_ERROR;
				CLANG_WARN_EMPTY_BODY = YES;
				CLANG_WARN_ENUM_CONVERSION = YES;
				CLANG_WARN_INT_CONVERSION = YES;
				CLANG_WARN_OBJC_ROOT_CLASS = YES_ERROR;
				CLANG_WARN_UNREACHABLE_CODE = YES;
				CLANG_WARN__DUPLICATE_METHOD_MATCH = YES;
				"CODE_SIGN_IDENTITY[sdk=iphoneos*]" = "iPhone Developer";
				COPY_PHASE_STRIP = NO;
				DEBUG_INFORMATION_FORMAT = "dwarf-with-dsym";
				ENABLE_NS_ASSERTIONS = NO;
				ENABLE_STRICT_OBJC_MSGSEND = YES;
				GCC_C_LANGUAGE_STANDARD = gnu99;
				GCC_NO_COMMON_BLOCKS = YES;
				GCC_WARN_64_TO_32_BIT_CONVERSION = YES;
				GCC_WARN_ABOUT_RETURN_TYPE = YES_ERROR;
				GCC_WARN_UNDECLARED_SELECTOR = YES;
				GCC_WARN_UNINITIALIZED_AUTOS = YES_AGGRESSIVE;
				GCC_WARN_UNUSED_FUNCTION = YES;
				GCC_WARN_UNUSED_VARIABLE = YES;
				IPHONEOS_DEPLOYMENT_TARGET = 8.3;
				MTL_ENABLE_DEBUG_INFO = NO;
				SDKROOT = iphoneos;
				VALIDATE_PRODUCT = YES;
			};
			name = Release;
		};
		6603B5DE1B277E0D0014489A /* Debug */ = {
			isa = XCBuildConfiguration;
			buildSettings = {
				ASSETCATALOG_COMPILER_APPICON_NAME = AppIcon;
				ASSETCATALOG_COMPILER_LAUNCHIMAGE_NAME = LaunchImage;
				CLANG_ENABLE_MODULES = YES;
				CODE_SIGN_IDENTITY = "iPhone Developer";
				"CODE_SIGN_IDENTITY[sdk=iphoneos*]" = "iPhone Developer";
				DEFINES_MODULE = YES;
				FRAMEWORK_SEARCH_PATHS = (
					"$(inherited)",
					/Users/haris/Documents/FacebookSDK,
					"$(PROJECT_DIR)",
				);
				INFOPLIST_FILE = wagerocity/Info.plist;
				IPHONEOS_DEPLOYMENT_TARGET = 8.0;
				LD_RUNPATH_SEARCH_PATHS = "$(inherited) @executable_path/Frameworks";
				PRODUCT_NAME = "$(TARGET_NAME)";
				PROVISIONING_PROFILE = "";
				SWIFT_OBJC_BRIDGING_HEADER = "wagerocity/wagerocity-Bridging-Header.h";
				SWIFT_OPTIMIZATION_LEVEL = "-Onone";
			};
			name = Debug;
		};
		6603B5DF1B277E0D0014489A /* Release */ = {
			isa = XCBuildConfiguration;
			buildSettings = {
				ASSETCATALOG_COMPILER_APPICON_NAME = AppIcon;
				ASSETCATALOG_COMPILER_LAUNCHIMAGE_NAME = LaunchImage;
				CLANG_ENABLE_MODULES = YES;
				CODE_SIGN_IDENTITY = "iPhone Developer";
				"CODE_SIGN_IDENTITY[sdk=iphoneos*]" = "iPhone Developer";
				DEFINES_MODULE = YES;
				FRAMEWORK_SEARCH_PATHS = (
					"$(inherited)",
					/Users/haris/Documents/FacebookSDK,
					"$(PROJECT_DIR)",
				);
				INFOPLIST_FILE = wagerocity/Info.plist;
				IPHONEOS_DEPLOYMENT_TARGET = 8.0;
				LD_RUNPATH_SEARCH_PATHS = "$(inherited) @executable_path/Frameworks";
				PRODUCT_NAME = "$(TARGET_NAME)";
				PROVISIONING_PROFILE = "";
				SWIFT_OBJC_BRIDGING_HEADER = "wagerocity/wagerocity-Bridging-Header.h";
			};
			name = Release;
		};
		6603B5E11B277E0D0014489A /* Debug */ = {
			isa = XCBuildConfiguration;
			buildSettings = {
				BUNDLE_LOADER = "$(TEST_HOST)";
				FRAMEWORK_SEARCH_PATHS = (
					"$(SDKROOT)/Developer/Library/Frameworks",
					"$(inherited)",
				);
				GCC_PREPROCESSOR_DEFINITIONS = (
					"DEBUG=1",
					"$(inherited)",
				);
				INFOPLIST_FILE = wagerocityTests/Info.plist;
				LD_RUNPATH_SEARCH_PATHS = "$(inherited) @executable_path/Frameworks @loader_path/Frameworks";
				PRODUCT_NAME = "$(TARGET_NAME)";
				TEST_HOST = "$(BUILT_PRODUCTS_DIR)/wagerocity.app/wagerocity";
			};
			name = Debug;
		};
		6603B5E21B277E0D0014489A /* Release */ = {
			isa = XCBuildConfiguration;
			buildSettings = {
				BUNDLE_LOADER = "$(TEST_HOST)";
				FRAMEWORK_SEARCH_PATHS = (
					"$(SDKROOT)/Developer/Library/Frameworks",
					"$(inherited)",
				);
				INFOPLIST_FILE = wagerocityTests/Info.plist;
				LD_RUNPATH_SEARCH_PATHS = "$(inherited) @executable_path/Frameworks @loader_path/Frameworks";
				PRODUCT_NAME = "$(TARGET_NAME)";
				TEST_HOST = "$(BUILT_PRODUCTS_DIR)/wagerocity.app/wagerocity";
			};
			name = Release;
		};
/* End XCBuildConfiguration section */

/* Begin XCConfigurationList section */
		6603B5B91B277E0D0014489A /* Build configuration list for PBXProject "wagerocity" */ = {
			isa = XCConfigurationList;
			buildConfigurations = (
				6603B5DB1B277E0D0014489A /* Debug */,
				6603B5DC1B277E0D0014489A /* Release */,
			);
			defaultConfigurationIsVisible = 0;
			defaultConfigurationName = Release;
		};
		6603B5DD1B277E0D0014489A /* Build configuration list for PBXNativeTarget "wagerocity" */ = {
			isa = XCConfigurationList;
			buildConfigurations = (
				6603B5DE1B277E0D0014489A /* Debug */,
				6603B5DF1B277E0D0014489A /* Release */,
			);
			defaultConfigurationIsVisible = 0;
			defaultConfigurationName = Release;
		};
		6603B5E01B277E0D0014489A /* Build configuration list for PBXNativeTarget "wagerocityTests" */ = {
			isa = XCConfigurationList;
			buildConfigurations = (
				6603B5E11B277E0D0014489A /* Debug */,
				6603B5E21B277E0D0014489A /* Release */,
			);
			defaultConfigurationIsVisible = 0;
			defaultConfigurationName = Release;
		};
/* End XCConfigurationList section */
	};
	rootObject = 6603B5B61B277E0D0014489A /* Project object */;
}
